{
  "originHash" : "daf185367b84b6a38fd7b80ce35bef1f826cc547e47c6ef97e81735b837e1d26",
  "pins" : [
    {
      "identity" : "alamofire",
      "kind" : "remoteSourceControl",
      "location" : "https://github.com/Alamofire/Alamofire",
      "state" : {
        "revision" : "f455c2975872ccd2d9c81594c658af65716e9b9a",
        "version" : "5.9.1"
      }
    },
    {
      "identity" : "siesta",
      "kind" : "remoteSourceControl",
      "location" : "https://github.com/bustoutsolutions/siesta",
      "state" : {
        "revision" : "43f34046ebb5beb6802200353c473af303bbc31e",
        "version" : "1.5.2"
      }
    }
  ],
  "version" : 3
}
