// !$*UTF8*$!
{
	archiveVersion = 1;
	classes = {
	};
	objectVersion = 46;
	objects = {

/* Begin PBXBuildFile section */
		311429B913EB60AA00A7DF05 /* XTCommitViewControllerTest.m in Sources */ = {isa = PBXBuildFile; fileRef = 311429B613EB600100A7DF05 /* XTCommitViewControllerTest.m */; };
		313014AC13EB656B0017A2A1 /* XTSideBarDataSorceTests.m in Sources */ = {isa = PBXBuildFile; fileRef = 313014A913EB653F0017A2A1 /* XTSideBarDataSorceTests.m */; };
		313014AF13EB65DB0017A2A1 /* XTHistoryDataSorceTests.m in Sources */ = {isa = PBXBuildFile; fileRef = 313014AE13EB65DB0017A2A1 /* XTHistoryDataSorceTests.m */; };
		31355B0813EA139700C33AAB /* CoreFoundation.framework in Frameworks */ = {isa = PBXBuildFile; fileRef = 31355B0713EA139700C33AAB /* CoreFoundation.framework */; };
		31355B0E13EA139700C33AAB /* InfoPlist.strings in Resources */ = {isa = PBXBuildFile; fileRef = 31355B0C13EA139700C33AAB /* InfoPlist.strings */; };
		31355B1713EA15DD00C33AAB /* html.theme.default.bundle in Resources */ = {isa = PBXBuildFile; fileRef = 31355B0613EA139600C33AAB /* html.theme.default.bundle */; };
		31355B1913EA189200C33AAB /* diff.css in Resources */ = {isa = PBXBuildFile; fileRef = 31355B1813EA189200C33AAB /* diff.css */; };
		3174966513DF896E004C5546 /* XTHistoryDataSource.m in Sources */ = {isa = PBXBuildFile; fileRef = 3174966413DF896E004C5546 /* XTHistoryDataSource.m */; };
		3174966813DF8A0C004C5546 /* XTSideBarDataSource.m in Sources */ = {isa = PBXBuildFile; fileRef = 3174966713DF8A0C004C5546 /* XTSideBarDataSource.m */; };
		3174966E13DFF94C004C5546 /* XTHistoryItem.m in Sources */ = {isa = PBXBuildFile; fileRef = 3174966D13DFF94C004C5546 /* XTHistoryItem.m */; };
		31A8939D13E9D5B4008BE0C2 /* XTCommitViewController.m in Sources */ = {isa = PBXBuildFile; fileRef = 31A8939B13E9D5B4008BE0C2 /* XTCommitViewController.m */; };
		31A8939E13E9D5B4008BE0C2 /* XTCommitViewController.xib in Resources */ = {isa = PBXBuildFile; fileRef = 31A8939C13E9D5B4008BE0C2 /* XTCommitViewController.xib */; };
		31A893A013E9DA5B008BE0C2 /* WebKit.framework in Frameworks */ = {isa = PBXBuildFile; fileRef = 31A8939F13E9DA5B008BE0C2 /* WebKit.framework */; };
		31C62D9813F2580E00845A9B /* XTStageViewControllerTest.m in Sources */ = {isa = PBXBuildFile; fileRef = 31C62D9713F2580E00845A9B /* XTStageViewControllerTest.m */; };
		31C62D9E13F25A6200845A9B /* XTUnstagedDataSource.m in Sources */ = {isa = PBXBuildFile; fileRef = 31C62D9C13F25A5D00845A9B /* XTUnstagedDataSource.m */; };
		31C62DA113F2638600845A9B /* XTFileIndexInfo.m in Sources */ = {isa = PBXBuildFile; fileRef = 31C62DA013F2638600845A9B /* XTFileIndexInfo.m */; };
		31C666A113F3AEF3000E4073 /* XTStagedDataSource.m in Sources */ = {isa = PBXBuildFile; fileRef = 31C666A013F3AEF3000E4073 /* XTStagedDataSource.m */; };
		31C666A513F3B55A000E4073 /* XTStageViewController.m in Sources */ = {isa = PBXBuildFile; fileRef = 31C666A313F3B55A000E4073 /* XTStageViewController.m */; };
		31C666A613F3B55A000E4073 /* XTStageViewController.xib in Resources */ = {isa = PBXBuildFile; fileRef = 31C666A413F3B55A000E4073 /* XTStageViewController.xib */; };
		31C7C12E13EC738200A65FE9 /* NSMutableDictionary+MultiObjectForKey.m in Sources */ = {isa = PBXBuildFile; fileRef = 31C7C12D13EC738200A65FE9 /* NSMutableDictionary+MultiObjectForKey.m */; };
		31C7C13313ECC74C00A65FE9 /* XTHistoryView.m in Sources */ = {isa = PBXBuildFile; fileRef = 31C7C13113ECC74C00A65FE9 /* XTHistoryView.m */; };
		31C7C13413ECC74C00A65FE9 /* XTHistoryView.xib in Resources */ = {isa = PBXBuildFile; fileRef = 31C7C13213ECC74C00A65FE9 /* XTHistoryView.xib */; };
		31F1E87F13D3B51200F3B317 /* GITBasic+Xit.m in Sources */ = {isa = PBXBuildFile; fileRef = C3BC055713D1133000C3CF1A /* GITBasic+Xit.m */; };
		31F1E88313D3DCAC00F3B317 /* XTSideBarItem.m in Sources */ = {isa = PBXBuildFile; fileRef = 31F1E88213D3DCAC00F3B317 /* XTSideBarItem.m */; };
		C343F91113F4908E009C928A /* XTHTML.m in Sources */ = {isa = PBXBuildFile; fileRef = C343F91013F4908E009C928A /* XTHTML.m */; };
		C3D6CF1B13D4B18900D35D4D /* XTLocalBranchItem.m in Sources */ = {isa = PBXBuildFile; fileRef = C3D6CF1A13D4B18900D35D4D /* XTLocalBranchItem.m */; };
		C3D6CF1E13D4B74400D35D4D /* XTTagItem.m in Sources */ = {isa = PBXBuildFile; fileRef = C3D6CF1D13D4B74400D35D4D /* XTTagItem.m */; };
		C3D6CF2113D4D5B200D35D4D /* XTRemotesItem.m in Sources */ = {isa = PBXBuildFile; fileRef = C3D6CF2013D4D5B200D35D4D /* XTRemotesItem.m */; };
		C3D6D31313E8E65700AF50B0 /* PBGitHistoryGrapher.m in Sources */ = {isa = PBXBuildFile; fileRef = C3D6D31113E8E65700AF50B0 /* PBGitHistoryGrapher.m */; };
		C3D6D31613E8E6BC00AF50B0 /* PBGitGrapher.mm in Sources */ = {isa = PBXBuildFile; fileRef = C3D6D31413E8E6BC00AF50B0 /* PBGitGrapher.mm */; };
		C3D6D31913E8E6E400AF50B0 /* PBGraphCellInfo.m in Sources */ = {isa = PBXBuildFile; fileRef = C3D6D31713E8E6E400AF50B0 /* PBGraphCellInfo.m */; };
		C3D6D31F13E8E7E700AF50B0 /* PBGitLane.mm in Sources */ = {isa = PBXBuildFile; fileRef = C3D6D31D13E8E7E700AF50B0 /* PBGitLane.mm */; };
		C3D6D32213E91EDC00AF50B0 /* PBGitRevisionCell.m in Sources */ = {isa = PBXBuildFile; fileRef = C3D6D32013E91EDC00AF50B0 /* PBGitRevisionCell.m */; };
		C3FA470113D0F8E200AC4F9B /* Cocoa.framework in Frameworks */ = {isa = PBXBuildFile; fileRef = C3FA470013D0F8E200AC4F9B /* Cocoa.framework */; };
		C3FA470B13D0F8E200AC4F9B /* InfoPlist.strings in Resources */ = {isa = PBXBuildFile; fileRef = C3FA470913D0F8E200AC4F9B /* InfoPlist.strings */; };
		C3FA470E13D0F8E200AC4F9B /* main.m in Sources */ = {isa = PBXBuildFile; fileRef = C3FA470D13D0F8E200AC4F9B /* main.m */; };
		C3FA471113D0F8E200AC4F9B /* Credits.rtf in Resources */ = {isa = PBXBuildFile; fileRef = C3FA470F13D0F8E200AC4F9B /* Credits.rtf */; };
		C3FA471413D0F8E200AC4F9B /* Xit.m in Sources */ = {isa = PBXBuildFile; fileRef = C3FA471313D0F8E200AC4F9B /* Xit.m */; };
		C3FA471713D0F8E200AC4F9B /* Xit.xib in Resources */ = {isa = PBXBuildFile; fileRef = C3FA471513D0F8E200AC4F9B /* Xit.xib */; };
		C3FA471A13D0F8E300AC4F9B /* MainMenu.xib in Resources */ = {isa = PBXBuildFile; fileRef = C3FA471813D0F8E300AC4F9B /* MainMenu.xib */; };
		C3FA472113D0F8E300AC4F9B /* Cocoa.framework in Frameworks */ = {isa = PBXBuildFile; fileRef = C3FA470013D0F8E200AC4F9B /* Cocoa.framework */; };
		C3FA472913D0F8E300AC4F9B /* InfoPlist.strings in Resources */ = {isa = PBXBuildFile; fileRef = C3FA472713D0F8E300AC4F9B /* InfoPlist.strings */; };
		C3FA472C13D0F8E300AC4F9B /* XitTests.h in Resources */ = {isa = PBXBuildFile; fileRef = C3FA472B13D0F8E300AC4F9B /* XitTests.h */; };
		C3FA472E13D0F8E300AC4F9B /* XitTests.m in Sources */ = {isa = PBXBuildFile; fileRef = C3FA472D13D0F8E300AC4F9B /* XitTests.m */; };
		DD00725613E76DFB003B4120 /* Xit.icns in Resources */ = {isa = PBXBuildFile; fileRef = DD00725513E76DFB003B4120 /* Xit.icns */; };
/* End PBXBuildFile section */

/* Begin PBXContainerItemProxy section */
		31355B1513EA13A900C33AAB /* PBXContainerItemProxy */ = {
			isa = PBXContainerItemProxy;
			containerPortal = C3FA46F313D0F8E200AC4F9B /* Project object */;
			proxyType = 1;
			remoteGlobalIDString = 31355B0513EA139600C33AAB;
			remoteInfo = html.theme.default;
		};
		C3FA472213D0F8E300AC4F9B /* PBXContainerItemProxy */ = {
			isa = PBXContainerItemProxy;
			containerPortal = C3FA46F313D0F8E200AC4F9B /* Project object */;
			proxyType = 1;
			remoteGlobalIDString = C3FA46FB13D0F8E200AC4F9B;
			remoteInfo = Xit;
		};
/* End PBXContainerItemProxy section */

/* Begin PBXFileReference section */
		311429B513EB600100A7DF05 /* XTCommitViewControllerTest.h */ = {isa = PBXFileReference; fileEncoding = 4; lastKnownFileType = sourcecode.c.h; path = XTCommitViewControllerTest.h; sourceTree = "<group>"; };
		311429B613EB600100A7DF05 /* XTCommitViewControllerTest.m */ = {isa = PBXFileReference; fileEncoding = 4; lastKnownFileType = sourcecode.c.objc; path = XTCommitViewControllerTest.m; sourceTree = "<group>"; };
		313014A813EB653F0017A2A1 /* XTSideBarDataSorceTests.h */ = {isa = PBXFileReference; fileEncoding = 4; lastKnownFileType = sourcecode.c.h; path = XTSideBarDataSorceTests.h; sourceTree = "<group>"; };
		313014A913EB653F0017A2A1 /* XTSideBarDataSorceTests.m */ = {isa = PBXFileReference; fileEncoding = 4; lastKnownFileType = sourcecode.c.objc; path = XTSideBarDataSorceTests.m; sourceTree = "<group>"; };
		313014AD13EB65DB0017A2A1 /* XTHistoryDataSorceTests.h */ = {isa = PBXFileReference; fileEncoding = 4; lastKnownFileType = sourcecode.c.h; path = XTHistoryDataSorceTests.h; sourceTree = "<group>"; };
		313014AE13EB65DB0017A2A1 /* XTHistoryDataSorceTests.m */ = {isa = PBXFileReference; fileEncoding = 4; lastKnownFileType = sourcecode.c.objc; path = XTHistoryDataSorceTests.m; sourceTree = "<group>"; };
		31355B0613EA139600C33AAB /* html.theme.default.bundle */ = {isa = PBXFileReference; explicitFileType = wrapper.cfbundle; includeInIndex = 0; path = html.theme.default.bundle; sourceTree = BUILT_PRODUCTS_DIR; };
		31355B0713EA139700C33AAB /* CoreFoundation.framework */ = {isa = PBXFileReference; lastKnownFileType = wrapper.framework; name = CoreFoundation.framework; path = System/Library/Frameworks/CoreFoundation.framework; sourceTree = SDKROOT; };
		31355B0B13EA139700C33AAB /* html.theme.default-Info.plist */ = {isa = PBXFileReference; lastKnownFileType = text.plist.xml; path = "html.theme.default-Info.plist"; sourceTree = "<group>"; };
		31355B0D13EA139700C33AAB /* en */ = {isa = PBXFileReference; lastKnownFileType = text.plist.strings; name = en; path = en.lproj/InfoPlist.strings; sourceTree = "<group>"; };
		31355B0F13EA139700C33AAB /* html.theme.default-Prefix.pch */ = {isa = PBXFileReference; lastKnownFileType = sourcecode.c.h; path = "html.theme.default-Prefix.pch"; sourceTree = "<group>"; };
		31355B1813EA189200C33AAB /* diff.css */ = {isa = PBXFileReference; fileEncoding = 4; lastKnownFileType = text.css; path = diff.css; sourceTree = "<group>"; };
		3174966313DF896E004C5546 /* XTHistoryDataSource.h */ = {isa = PBXFileReference; fileEncoding = 4; indentWidth = 4; lastKnownFileType = sourcecode.c.h; name = XTHistoryDataSource.h; path = Xit/XTHistoryDataSource.h; sourceTree = "<group>"; tabWidth = 4; };
		3174966413DF896E004C5546 /* XTHistoryDataSource.m */ = {isa = PBXFileReference; fileEncoding = 4; indentWidth = 4; lastKnownFileType = sourcecode.c.objc; name = XTHistoryDataSource.m; path = Xit/XTHistoryDataSource.m; sourceTree = "<group>"; tabWidth = 4; };
		3174966713DF8A0C004C5546 /* XTSideBarDataSource.m */ = {isa = PBXFileReference; fileEncoding = 4; indentWidth = 4; lastKnownFileType = sourcecode.c.objc; name = XTSideBarDataSource.m; path = Xit/XTSideBarDataSource.m; sourceTree = "<group>"; tabWidth = 4; };
		3174966C13DFF94C004C5546 /* XTHistoryItem.h */ = {isa = PBXFileReference; fileEncoding = 4; indentWidth = 4; lastKnownFileType = sourcecode.c.h; name = XTHistoryItem.h; path = Xit/XTHistoryItem.h; sourceTree = "<group>"; tabWidth = 4; };
		3174966D13DFF94C004C5546 /* XTHistoryItem.m */ = {isa = PBXFileReference; fileEncoding = 4; indentWidth = 4; lastKnownFileType = sourcecode.c.objc; name = XTHistoryItem.m; path = Xit/XTHistoryItem.m; sourceTree = "<group>"; tabWidth = 4; };
		31A8939A13E9D5B4008BE0C2 /* XTCommitViewController.h */ = {isa = PBXFileReference; fileEncoding = 4; indentWidth = 4; lastKnownFileType = sourcecode.c.h; path = XTCommitViewController.h; sourceTree = "<group>"; tabWidth = 4; };
		31A8939B13E9D5B4008BE0C2 /* XTCommitViewController.m */ = {isa = PBXFileReference; fileEncoding = 4; indentWidth = 4; lastKnownFileType = sourcecode.c.objc; path = XTCommitViewController.m; sourceTree = "<group>"; tabWidth = 4; };
		31A8939C13E9D5B4008BE0C2 /* XTCommitViewController.xib */ = {isa = PBXFileReference; fileEncoding = 4; lastKnownFileType = file.xib; path = XTCommitViewController.xib; sourceTree = "<group>"; };
		31A8939F13E9DA5B008BE0C2 /* WebKit.framework */ = {isa = PBXFileReference; lastKnownFileType = wrapper.framework; name = WebKit.framework; path = System/Library/Frameworks/WebKit.framework; sourceTree = SDKROOT; };
		31C62D9613F2580E00845A9B /* XTStageViewControllerTest.h */ = {isa = PBXFileReference; fileEncoding = 4; lastKnownFileType = sourcecode.c.h; path = XTStageViewControllerTest.h; sourceTree = "<group>"; };
		31C62D9713F2580E00845A9B /* XTStageViewControllerTest.m */ = {isa = PBXFileReference; fileEncoding = 4; lastKnownFileType = sourcecode.c.objc; path = XTStageViewControllerTest.m; sourceTree = "<group>"; };
		31C62D9B13F25A5D00845A9B /* XTUnstagedDataSource.h */ = {isa = PBXFileReference; fileEncoding = 4; lastKnownFileType = sourcecode.c.h; path = XTUnstagedDataSource.h; sourceTree = "<group>"; };
		31C62D9C13F25A5D00845A9B /* XTUnstagedDataSource.m */ = {isa = PBXFileReference; fileEncoding = 4; lastKnownFileType = sourcecode.c.objc; path = XTUnstagedDataSource.m; sourceTree = "<group>"; };
		31C62D9F13F2638600845A9B /* XTFileIndexInfo.h */ = {isa = PBXFileReference; fileEncoding = 4; lastKnownFileType = sourcecode.c.h; path = XTFileIndexInfo.h; sourceTree = "<group>"; };
		31C62DA013F2638600845A9B /* XTFileIndexInfo.m */ = {isa = PBXFileReference; fileEncoding = 4; lastKnownFileType = sourcecode.c.objc; path = XTFileIndexInfo.m; sourceTree = "<group>"; };
		31C6669F13F3AEF3000E4073 /* XTStagedDataSource.h */ = {isa = PBXFileReference; fileEncoding = 4; lastKnownFileType = sourcecode.c.h; path = XTStagedDataSource.h; sourceTree = "<group>"; };
		31C666A013F3AEF3000E4073 /* XTStagedDataSource.m */ = {isa = PBXFileReference; fileEncoding = 4; lastKnownFileType = sourcecode.c.objc; path = XTStagedDataSource.m; sourceTree = "<group>"; };
		31C666A213F3B55A000E4073 /* XTStageViewController.h */ = {isa = PBXFileReference; fileEncoding = 4; lastKnownFileType = sourcecode.c.h; path = XTStageViewController.h; sourceTree = "<group>"; };
		31C666A313F3B55A000E4073 /* XTStageViewController.m */ = {isa = PBXFileReference; fileEncoding = 4; lastKnownFileType = sourcecode.c.objc; path = XTStageViewController.m; sourceTree = "<group>"; };
		31C666A413F3B55A000E4073 /* XTStageViewController.xib */ = {isa = PBXFileReference; fileEncoding = 4; lastKnownFileType = file.xib; path = XTStageViewController.xib; sourceTree = "<group>"; };
		31C7C12C13EC738200A65FE9 /* NSMutableDictionary+MultiObjectForKey.h */ = {isa = PBXFileReference; fileEncoding = 4; lastKnownFileType = sourcecode.c.h; path = "NSMutableDictionary+MultiObjectForKey.h"; sourceTree = "<group>"; };
		31C7C12D13EC738200A65FE9 /* NSMutableDictionary+MultiObjectForKey.m */ = {isa = PBXFileReference; fileEncoding = 4; lastKnownFileType = sourcecode.c.objc; path = "NSMutableDictionary+MultiObjectForKey.m"; sourceTree = "<group>"; };
		31C7C13013ECC74C00A65FE9 /* XTHistoryView.h */ = {isa = PBXFileReference; fileEncoding = 4; lastKnownFileType = sourcecode.c.h; path = XTHistoryView.h; sourceTree = "<group>"; };
		31C7C13113ECC74C00A65FE9 /* XTHistoryView.m */ = {isa = PBXFileReference; fileEncoding = 4; lastKnownFileType = sourcecode.c.objc; path = XTHistoryView.m; sourceTree = "<group>"; };
		31C7C13213ECC74C00A65FE9 /* XTHistoryView.xib */ = {isa = PBXFileReference; fileEncoding = 4; lastKnownFileType = file.xib; path = XTHistoryView.xib; sourceTree = "<group>"; };
		31F1E87813D3AC6D00F3B317 /* XTSideBarDataSource.h */ = {isa = PBXFileReference; fileEncoding = 4; indentWidth = 4; lastKnownFileType = sourcecode.c.h; name = XTSideBarDataSource.h; path = Xit/XTSideBarDataSource.h; sourceTree = "<group>"; tabWidth = 4; };
		31F1E88113D3DCAC00F3B317 /* XTSideBarItem.h */ = {isa = PBXFileReference; fileEncoding = 4; indentWidth = 4; lastKnownFileType = sourcecode.c.h; name = XTSideBarItem.h; path = Xit/XTSideBarItem.h; sourceTree = "<group>"; tabWidth = 4; };
		31F1E88213D3DCAC00F3B317 /* XTSideBarItem.m */ = {isa = PBXFileReference; fileEncoding = 4; indentWidth = 4; lastKnownFileType = sourcecode.c.objc; name = XTSideBarItem.m; path = Xit/XTSideBarItem.m; sourceTree = "<group>"; tabWidth = 4; };
		C3355E1413F32815008D14B8 /* uncrustify.cfg */ = {isa = PBXFileReference; lastKnownFileType = text; path = uncrustify.cfg; sourceTree = "<group>"; };
		C343F90F13F4908E009C928A /* XTHTML.h */ = {isa = PBXFileReference; fileEncoding = 4; lastKnownFileType = sourcecode.c.h; path = XTHTML.h; sourceTree = "<group>"; };
		C343F91013F4908E009C928A /* XTHTML.m */ = {isa = PBXFileReference; fileEncoding = 4; lastKnownFileType = sourcecode.c.objc; path = XTHTML.m; sourceTree = "<group>"; };
		C3BC055613D1133000C3CF1A /* GITBasic+Xit.h */ = {isa = PBXFileReference; fileEncoding = 4; indentWidth = 4; lastKnownFileType = sourcecode.c.h; path = "GITBasic+Xit.h"; sourceTree = "<group>"; };
		C3BC055713D1133000C3CF1A /* GITBasic+Xit.m */ = {isa = PBXFileReference; fileEncoding = 4; indentWidth = 4; lastKnownFileType = sourcecode.c.objc; path = "GITBasic+Xit.m"; sourceTree = "<group>"; };
		C3D6CF1913D4B18900D35D4D /* XTLocalBranchItem.h */ = {isa = PBXFileReference; fileEncoding = 4; indentWidth = 4; lastKnownFileType = sourcecode.c.h; name = XTLocalBranchItem.h; path = Xit/XTLocalBranchItem.h; sourceTree = "<group>"; tabWidth = 4; };
		C3D6CF1A13D4B18900D35D4D /* XTLocalBranchItem.m */ = {isa = PBXFileReference; fileEncoding = 4; indentWidth = 4; lastKnownFileType = sourcecode.c.objc; name = XTLocalBranchItem.m; path = Xit/XTLocalBranchItem.m; sourceTree = "<group>"; tabWidth = 4; };
		C3D6CF1C13D4B74400D35D4D /* XTTagItem.h */ = {isa = PBXFileReference; fileEncoding = 4; indentWidth = 4; lastKnownFileType = sourcecode.c.h; name = XTTagItem.h; path = Xit/XTTagItem.h; sourceTree = "<group>"; tabWidth = 4; };
		C3D6CF1D13D4B74400D35D4D /* XTTagItem.m */ = {isa = PBXFileReference; fileEncoding = 4; indentWidth = 4; lastKnownFileType = sourcecode.c.objc; name = XTTagItem.m; path = Xit/XTTagItem.m; sourceTree = "<group>"; tabWidth = 4; };
		C3D6CF1F13D4D5B200D35D4D /* XTRemotesItem.h */ = {isa = PBXFileReference; fileEncoding = 4; indentWidth = 4; lastKnownFileType = sourcecode.c.h; name = XTRemotesItem.h; path = Xit/XTRemotesItem.h; sourceTree = "<group>"; tabWidth = 4; };
		C3D6CF2013D4D5B200D35D4D /* XTRemotesItem.m */ = {isa = PBXFileReference; fileEncoding = 4; indentWidth = 4; lastKnownFileType = sourcecode.c.objc; name = XTRemotesItem.m; path = Xit/XTRemotesItem.m; sourceTree = "<group>"; tabWidth = 4; };
		C3D6D31113E8E65700AF50B0 /* PBGitHistoryGrapher.m */ = {isa = PBXFileReference; fileEncoding = 4; lastKnownFileType = sourcecode.c.objc; path = PBGitHistoryGrapher.m; sourceTree = "<group>"; };
		C3D6D31213E8E65700AF50B0 /* PBGitHistoryGrapher.h */ = {isa = PBXFileReference; fileEncoding = 4; lastKnownFileType = sourcecode.c.h; path = PBGitHistoryGrapher.h; sourceTree = "<group>"; };
		C3D6D31413E8E6BC00AF50B0 /* PBGitGrapher.mm */ = {isa = PBXFileReference; fileEncoding = 4; lastKnownFileType = sourcecode.cpp.objcpp; path = PBGitGrapher.mm; sourceTree = "<group>"; };
		C3D6D31513E8E6BC00AF50B0 /* PBGitGrapher.h */ = {isa = PBXFileReference; fileEncoding = 4; lastKnownFileType = sourcecode.c.h; path = PBGitGrapher.h; sourceTree = "<group>"; };
		C3D6D31713E8E6E400AF50B0 /* PBGraphCellInfo.m */ = {isa = PBXFileReference; fileEncoding = 4; lastKnownFileType = sourcecode.c.objc; path = PBGraphCellInfo.m; sourceTree = "<group>"; };
		C3D6D31813E8E6E400AF50B0 /* PBGraphCellInfo.h */ = {isa = PBXFileReference; fileEncoding = 4; lastKnownFileType = sourcecode.c.h; path = PBGraphCellInfo.h; sourceTree = "<group>"; };
		C3D6D31B13E8E6FA00AF50B0 /* PBGitGraphLine.h */ = {isa = PBXFileReference; fileEncoding = 4; lastKnownFileType = sourcecode.c.h; path = PBGitGraphLine.h; sourceTree = "<group>"; };
		C3D6D31D13E8E7E700AF50B0 /* PBGitLane.mm */ = {isa = PBXFileReference; fileEncoding = 4; lastKnownFileType = sourcecode.cpp.objcpp; path = PBGitLane.mm; sourceTree = "<group>"; };
		C3D6D31E13E8E7E700AF50B0 /* PBGitLane.h */ = {isa = PBXFileReference; fileEncoding = 4; lastKnownFileType = sourcecode.c.h; path = PBGitLane.h; sourceTree = "<group>"; };
		C3D6D32013E91EDC00AF50B0 /* PBGitRevisionCell.m */ = {isa = PBXFileReference; fileEncoding = 4; lastKnownFileType = sourcecode.c.objc; path = PBGitRevisionCell.m; sourceTree = "<group>"; };
		C3D6D32113E91EDC00AF50B0 /* PBGitRevisionCell.h */ = {isa = PBXFileReference; fileEncoding = 4; lastKnownFileType = sourcecode.c.h; path = PBGitRevisionCell.h; sourceTree = "<group>"; };
		C3FA46FC13D0F8E200AC4F9B /* Xit.app */ = {isa = PBXFileReference; explicitFileType = wrapper.application; includeInIndex = 0; path = Xit.app; sourceTree = BUILT_PRODUCTS_DIR; };
		C3FA470013D0F8E200AC4F9B /* Cocoa.framework */ = {isa = PBXFileReference; lastKnownFileType = wrapper.framework; name = Cocoa.framework; path = System/Library/Frameworks/Cocoa.framework; sourceTree = SDKROOT; };
		C3FA470313D0F8E200AC4F9B /* AppKit.framework */ = {isa = PBXFileReference; lastKnownFileType = wrapper.framework; name = AppKit.framework; path = System/Library/Frameworks/AppKit.framework; sourceTree = SDKROOT; };
		C3FA470413D0F8E200AC4F9B /* CoreData.framework */ = {isa = PBXFileReference; lastKnownFileType = wrapper.framework; name = CoreData.framework; path = System/Library/Frameworks/CoreData.framework; sourceTree = SDKROOT; };
		C3FA470513D0F8E200AC4F9B /* Foundation.framework */ = {isa = PBXFileReference; lastKnownFileType = wrapper.framework; name = Foundation.framework; path = System/Library/Frameworks/Foundation.framework; sourceTree = SDKROOT; };
		C3FA470813D0F8E200AC4F9B /* Xit-Info.plist */ = {isa = PBXFileReference; lastKnownFileType = text.plist.xml; path = "Xit-Info.plist"; sourceTree = "<group>"; };
		C3FA470A13D0F8E200AC4F9B /* en */ = {isa = PBXFileReference; lastKnownFileType = text.plist.strings; name = en; path = en.lproj/InfoPlist.strings; sourceTree = "<group>"; };
		C3FA470C13D0F8E200AC4F9B /* Xit-Prefix.pch */ = {isa = PBXFileReference; indentWidth = 4; lastKnownFileType = sourcecode.c.h; path = "Xit-Prefix.pch"; sourceTree = "<group>"; tabWidth = 4; };
		C3FA470D13D0F8E200AC4F9B /* main.m */ = {isa = PBXFileReference; indentWidth = 4; lastKnownFileType = sourcecode.c.objc; path = main.m; sourceTree = "<group>"; tabWidth = 4; };
		C3FA471013D0F8E200AC4F9B /* en */ = {isa = PBXFileReference; lastKnownFileType = text.rtf; name = en; path = en.lproj/Credits.rtf; sourceTree = "<group>"; };
		C3FA471213D0F8E200AC4F9B /* Xit.h */ = {isa = PBXFileReference; indentWidth = 4; lastKnownFileType = sourcecode.c.h; path = Xit.h; sourceTree = "<group>"; tabWidth = 4; };
		C3FA471313D0F8E200AC4F9B /* Xit.m */ = {isa = PBXFileReference; indentWidth = 4; lastKnownFileType = sourcecode.c.objc; path = Xit.m; sourceTree = "<group>"; tabWidth = 4; };
		C3FA471613D0F8E200AC4F9B /* en */ = {isa = PBXFileReference; lastKnownFileType = file.xib; name = en; path = en.lproj/Xit.xib; sourceTree = "<group>"; };
		C3FA471913D0F8E300AC4F9B /* en */ = {isa = PBXFileReference; lastKnownFileType = file.xib; name = en; path = en.lproj/MainMenu.xib; sourceTree = "<group>"; };
		C3FA472013D0F8E300AC4F9B /* XitTests.octest */ = {isa = PBXFileReference; explicitFileType = wrapper.cfbundle; includeInIndex = 0; path = XitTests.octest; sourceTree = BUILT_PRODUCTS_DIR; };
		C3FA472613D0F8E300AC4F9B /* XitTests-Info.plist */ = {isa = PBXFileReference; lastKnownFileType = text.plist.xml; path = "XitTests-Info.plist"; sourceTree = "<group>"; };
		C3FA472813D0F8E300AC4F9B /* en */ = {isa = PBXFileReference; lastKnownFileType = text.plist.strings; name = en; path = en.lproj/InfoPlist.strings; sourceTree = "<group>"; };
		C3FA472A13D0F8E300AC4F9B /* XitTests-Prefix.pch */ = {isa = PBXFileReference; indentWidth = 4; lastKnownFileType = sourcecode.c.h; path = "XitTests-Prefix.pch"; sourceTree = "<group>"; tabWidth = 4; };
		C3FA472B13D0F8E300AC4F9B /* XitTests.h */ = {isa = PBXFileReference; indentWidth = 4; lastKnownFileType = sourcecode.c.h; path = XitTests.h; sourceTree = "<group>"; tabWidth = 4; };
		C3FA472D13D0F8E300AC4F9B /* XitTests.m */ = {isa = PBXFileReference; indentWidth = 4; lastKnownFileType = sourcecode.c.objc; path = XitTests.m; sourceTree = "<group>"; tabWidth = 4; };
		DD00725513E76DFB003B4120 /* Xit.icns */ = {isa = PBXFileReference; lastKnownFileType = image.icns; path = Xit.icns; sourceTree = "<group>"; };
/* End PBXFileReference section */

/* Begin PBXFrameworksBuildPhase section */
		31355B0313EA139600C33AAB /* Frameworks */ = {
			isa = PBXFrameworksBuildPhase;
			buildActionMask = 2147483647;
			files = (
				31355B0813EA139700C33AAB /* CoreFoundation.framework in Frameworks */,
			);
			runOnlyForDeploymentPostprocessing = 0;
		};
		C3FA46F913D0F8E200AC4F9B /* Frameworks */ = {
			isa = PBXFrameworksBuildPhase;
			buildActionMask = 2147483647;
			files = (
				31A893A013E9DA5B008BE0C2 /* WebKit.framework in Frameworks */,
				C3FA470113D0F8E200AC4F9B /* Cocoa.framework in Frameworks */,
			);
			runOnlyForDeploymentPostprocessing = 0;
		};
		C3FA471C13D0F8E300AC4F9B /* Frameworks */ = {
			isa = PBXFrameworksBuildPhase;
			buildActionMask = 2147483647;
			files = (
				C3FA472113D0F8E300AC4F9B /* Cocoa.framework in Frameworks */,
			);
			runOnlyForDeploymentPostprocessing = 0;
		};
/* End PBXFrameworksBuildPhase section */

/* Begin PBXGroup section */
		31355B0913EA139700C33AAB /* html.theme.default */ = {
			isa = PBXGroup;
			children = (
				31355B1813EA189200C33AAB /* diff.css */,
				31355B0A13EA139700C33AAB /* Supporting Files */,
			);
			path = html.theme.default;
			sourceTree = "<group>";
		};
		31355B0A13EA139700C33AAB /* Supporting Files */ = {
			isa = PBXGroup;
			children = (
				31355B0B13EA139700C33AAB /* html.theme.default-Info.plist */,
				31355B0C13EA139700C33AAB /* InfoPlist.strings */,
				31355B0F13EA139700C33AAB /* html.theme.default-Prefix.pch */,
			);
			name = "Supporting Files";
			sourceTree = "<group>";
		};
		31A8939813E9D1EA008BE0C2 /* Views */ = {
			isa = PBXGroup;
			children = (
				31C62D9A13F25A3600845A9B /* StageView */,
				31C7C12F13ECC6C700A65FE9 /* HistoryView */,
				31A8939A13E9D5B4008BE0C2 /* XTCommitViewController.h */,
				31A8939B13E9D5B4008BE0C2 /* XTCommitViewController.m */,
				31A8939C13E9D5B4008BE0C2 /* XTCommitViewController.xib */,
			);
			name = Views;
			sourceTree = "<group>";
		};
		31C62D9A13F25A3600845A9B /* StageView */ = {
			isa = PBXGroup;
			children = (
				31C6669F13F3AEF3000E4073 /* XTStagedDataSource.h */,
				31C666A013F3AEF3000E4073 /* XTStagedDataSource.m */,
				31C62D9B13F25A5D00845A9B /* XTUnstagedDataSource.h */,
				31C62D9C13F25A5D00845A9B /* XTUnstagedDataSource.m */,
				31C62D9F13F2638600845A9B /* XTFileIndexInfo.h */,
				31C62DA013F2638600845A9B /* XTFileIndexInfo.m */,
				31C666A213F3B55A000E4073 /* XTStageViewController.h */,
				31C666A313F3B55A000E4073 /* XTStageViewController.m */,
				31C666A413F3B55A000E4073 /* XTStageViewController.xib */,
			);
			name = StageView;
			sourceTree = "<group>";
		};
		31C7C12A13EC730500A65FE9 /* Utils */ = {
			isa = PBXGroup;
			children = (
				31C7C12C13EC738200A65FE9 /* NSMutableDictionary+MultiObjectForKey.h */,
				31C7C12D13EC738200A65FE9 /* NSMutableDictionary+MultiObjectForKey.m */,
				C3BC055613D1133000C3CF1A /* GITBasic+Xit.h */,
				C3BC055713D1133000C3CF1A /* GITBasic+Xit.m */,
				C343F90F13F4908E009C928A /* XTHTML.h */,
				C343F91013F4908E009C928A /* XTHTML.m */,
			);
			name = Utils;
			sourceTree = "<group>";
		};
		31C7C12F13ECC6C700A65FE9 /* HistoryView */ = {
			isa = PBXGroup;
			children = (
				31C7C13013ECC74C00A65FE9 /* XTHistoryView.h */,
				31C7C13113ECC74C00A65FE9 /* XTHistoryView.m */,
				31C7C13213ECC74C00A65FE9 /* XTHistoryView.xib */,
			);
			name = HistoryView;
			sourceTree = "<group>";
		};
		31F1E87713D3AC0E00F3B317 /* DataSources */ = {
			isa = PBXGroup;
			children = (
				31F1E88013D3DC6E00F3B317 /* items */,
				31F1E87813D3AC6D00F3B317 /* XTSideBarDataSource.h */,
				3174966713DF8A0C004C5546 /* XTSideBarDataSource.m */,
				3174966313DF896E004C5546 /* XTHistoryDataSource.h */,
				3174966413DF896E004C5546 /* XTHistoryDataSource.m */,
			);
			name = DataSources;
			path = ..;
			sourceTree = "<group>";
		};
		31F1E88013D3DC6E00F3B317 /* items */ = {
			isa = PBXGroup;
			children = (
				31F1E88113D3DCAC00F3B317 /* XTSideBarItem.h */,
				31F1E88213D3DCAC00F3B317 /* XTSideBarItem.m */,
				C3D6CF1913D4B18900D35D4D /* XTLocalBranchItem.h */,
				C3D6CF1A13D4B18900D35D4D /* XTLocalBranchItem.m */,
				C3D6CF1C13D4B74400D35D4D /* XTTagItem.h */,
				C3D6CF1D13D4B74400D35D4D /* XTTagItem.m */,
				C3D6CF1F13D4D5B200D35D4D /* XTRemotesItem.h */,
				C3D6CF2013D4D5B200D35D4D /* XTRemotesItem.m */,
				3174966C13DFF94C004C5546 /* XTHistoryItem.h */,
				3174966D13DFF94C004C5546 /* XTHistoryItem.m */,
			);
			name = items;
			sourceTree = "<group>";
		};
		C3D6D30F13E8E63A00AF50B0 /* GitX */ = {
			isa = PBXGroup;
			children = (
				C3D6D32013E91EDC00AF50B0 /* PBGitRevisionCell.m */,
				C3D6D32113E91EDC00AF50B0 /* PBGitRevisionCell.h */,
				C3D6D31D13E8E7E700AF50B0 /* PBGitLane.mm */,
				C3D6D31E13E8E7E700AF50B0 /* PBGitLane.h */,
				C3D6D31B13E8E6FA00AF50B0 /* PBGitGraphLine.h */,
				C3D6D31713E8E6E400AF50B0 /* PBGraphCellInfo.m */,
				C3D6D31813E8E6E400AF50B0 /* PBGraphCellInfo.h */,
				C3D6D31413E8E6BC00AF50B0 /* PBGitGrapher.mm */,
				C3D6D31513E8E6BC00AF50B0 /* PBGitGrapher.h */,
				C3D6D31113E8E65700AF50B0 /* PBGitHistoryGrapher.m */,
				C3D6D31213E8E65700AF50B0 /* PBGitHistoryGrapher.h */,
			);
			name = GitX;
			sourceTree = "<group>";
		};
		C3FA46F113D0F8E200AC4F9B = {
			isa = PBXGroup;
			children = (
				C3FA470613D0F8E200AC4F9B /* Xit */,
				C3FA472413D0F8E300AC4F9B /* XitTests */,
				31355B0913EA139700C33AAB /* html.theme.default */,
				C3FA46FF13D0F8E200AC4F9B /* Frameworks */,
				C3FA46FD13D0F8E200AC4F9B /* Products */,
				C3355E1413F32815008D14B8 /* uncrustify.cfg */,
			);
			sourceTree = "<group>";
		};
		C3FA46FD13D0F8E200AC4F9B /* Products */ = {
			isa = PBXGroup;
			children = (
				C3FA46FC13D0F8E200AC4F9B /* Xit.app */,
				C3FA472013D0F8E300AC4F9B /* XitTests.octest */,
				31355B0613EA139600C33AAB /* html.theme.default.bundle */,
			);
			name = Products;
			sourceTree = "<group>";
		};
		C3FA46FF13D0F8E200AC4F9B /* Frameworks */ = {
			isa = PBXGroup;
			children = (
				31A8939F13E9DA5B008BE0C2 /* WebKit.framework */,
				C3FA470013D0F8E200AC4F9B /* Cocoa.framework */,
				31355B0713EA139700C33AAB /* CoreFoundation.framework */,
				C3FA470213D0F8E200AC4F9B /* Other Frameworks */,
			);
			name = Frameworks;
			sourceTree = "<group>";
		};
		C3FA470213D0F8E200AC4F9B /* Other Frameworks */ = {
			isa = PBXGroup;
			children = (
				C3FA470313D0F8E200AC4F9B /* AppKit.framework */,
				C3FA470413D0F8E200AC4F9B /* CoreData.framework */,
				C3FA470513D0F8E200AC4F9B /* Foundation.framework */,
			);
			name = "Other Frameworks";
			sourceTree = "<group>";
		};
		C3FA470613D0F8E200AC4F9B /* Xit */ = {
			isa = PBXGroup;
			children = (
				31C7C12A13EC730500A65FE9 /* Utils */,
				31A8939813E9D1EA008BE0C2 /* Views */,
				C3D6D30F13E8E63A00AF50B0 /* GitX */,
				31F1E87713D3AC0E00F3B317 /* DataSources */,
				C3FA471213D0F8E200AC4F9B /* Xit.h */,
				C3FA471313D0F8E200AC4F9B /* Xit.m */,
				C3FA471513D0F8E200AC4F9B /* Xit.xib */,
				C3FA471813D0F8E300AC4F9B /* MainMenu.xib */,
				C3FA470713D0F8E200AC4F9B /* Supporting Files */,
			);
			path = Xit;
			sourceTree = "<group>";
		};
		C3FA470713D0F8E200AC4F9B /* Supporting Files */ = {
			isa = PBXGroup;
			children = (
				C3FA470813D0F8E200AC4F9B /* Xit-Info.plist */,
				C3FA470913D0F8E200AC4F9B /* InfoPlist.strings */,
				C3FA470C13D0F8E200AC4F9B /* Xit-Prefix.pch */,
				C3FA470D13D0F8E200AC4F9B /* main.m */,
				C3FA470F13D0F8E200AC4F9B /* Credits.rtf */,
				DD00725513E76DFB003B4120 /* Xit.icns */,
			);
			name = "Supporting Files";
			sourceTree = "<group>";
		};
		C3FA472413D0F8E300AC4F9B /* XitTests */ = {
			isa = PBXGroup;
			children = (
				C3FA472B13D0F8E300AC4F9B /* XitTests.h */,
				C3FA472D13D0F8E300AC4F9B /* XitTests.m */,
				311429B513EB600100A7DF05 /* XTCommitViewControllerTest.h */,
				311429B613EB600100A7DF05 /* XTCommitViewControllerTest.m */,
				313014A813EB653F0017A2A1 /* XTSideBarDataSorceTests.h */,
				313014A913EB653F0017A2A1 /* XTSideBarDataSorceTests.m */,
				313014AD13EB65DB0017A2A1 /* XTHistoryDataSorceTests.h */,
				313014AE13EB65DB0017A2A1 /* XTHistoryDataSorceTests.m */,
				C3FA472513D0F8E300AC4F9B /* Supporting Files */,
				31C62D9613F2580E00845A9B /* XTStageViewControllerTest.h */,
				31C62D9713F2580E00845A9B /* XTStageViewControllerTest.m */,
			);
			path = XitTests;
			sourceTree = "<group>";
		};
		C3FA472513D0F8E300AC4F9B /* Supporting Files */ = {
			isa = PBXGroup;
			children = (
				C3FA472613D0F8E300AC4F9B /* XitTests-Info.plist */,
				C3FA472713D0F8E300AC4F9B /* InfoPlist.strings */,
				C3FA472A13D0F8E300AC4F9B /* XitTests-Prefix.pch */,
			);
			name = "Supporting Files";
			sourceTree = "<group>";
		};
/* End PBXGroup section */

/* Begin PBXNativeTarget section */
		31355B0513EA139600C33AAB /* html.theme.default */ = {
			isa = PBXNativeTarget;
			buildConfigurationList = 31355B1313EA139700C33AAB /* Build configuration list for PBXNativeTarget "html.theme.default" */;
			buildPhases = (
				31355B0213EA139600C33AAB /* Sources */,
				31355B0313EA139600C33AAB /* Frameworks */,
				31355B0413EA139600C33AAB /* Resources */,
			);
			buildRules = (
			);
			dependencies = (
			);
			name = html.theme.default;
			productName = html.theme.default;
			productReference = 31355B0613EA139600C33AAB /* html.theme.default.bundle */;
			productType = "com.apple.product-type.bundle";
		};
		C3FA46FB13D0F8E200AC4F9B /* Xit */ = {
			isa = PBXNativeTarget;
			buildConfigurationList = C3FA473113D0F8E300AC4F9B /* Build configuration list for PBXNativeTarget "Xit" */;
			buildPhases = (
				C3355E1113F31044008D14B8 /* Run uncrustify Script */,
				C3FA46F813D0F8E200AC4F9B /* Sources */,
				C3FA46F913D0F8E200AC4F9B /* Frameworks */,
				C3FA46FA13D0F8E200AC4F9B /* Resources */,
				317C19DE13EBD2500003E8E6 /* ShellScript */,
			);
			buildRules = (
			);
			dependencies = (
				31355B1613EA13A900C33AAB /* PBXTargetDependency */,
			);
			name = Xit;
			productName = Xit;
			productReference = C3FA46FC13D0F8E200AC4F9B /* Xit.app */;
			productType = "com.apple.product-type.application";
		};
		C3FA471F13D0F8E300AC4F9B /* XitTests */ = {
			isa = PBXNativeTarget;
			buildConfigurationList = C3FA473413D0F8E300AC4F9B /* Build configuration list for PBXNativeTarget "XitTests" */;
			buildPhases = (
				C3355E1313F327D6008D14B8 /* Run uncrustify Script */,
				C3FA471B13D0F8E300AC4F9B /* Sources */,
				C3FA471C13D0F8E300AC4F9B /* Frameworks */,
				C3FA471D13D0F8E300AC4F9B /* Resources */,
				C3FA471E13D0F8E300AC4F9B /* ShellScript */,
			);
			buildRules = (
			);
			dependencies = (
				C3FA472313D0F8E300AC4F9B /* PBXTargetDependency */,
			);
			name = XitTests;
			productName = XitTests;
			productReference = C3FA472013D0F8E300AC4F9B /* XitTests.octest */;
			productType = "com.apple.product-type.bundle";
		};
/* End PBXNativeTarget section */

/* Begin PBXProject section */
		C3FA46F313D0F8E200AC4F9B /* Project object */ = {
			isa = PBXProject;
			attributes = {
				LastUpgradeCheck = 0420;
				ORGANIZATIONNAME = "";
			};
			buildConfigurationList = C3FA46F613D0F8E200AC4F9B /* Build configuration list for PBXProject "Xit" */;
			compatibilityVersion = "Xcode 3.2";
			developmentRegion = English;
			hasScannedForEncodings = 0;
			knownRegions = (
				en,
			);
			mainGroup = C3FA46F113D0F8E200AC4F9B;
			productRefGroup = C3FA46FD13D0F8E200AC4F9B /* Products */;
			projectDirPath = "";
			projectRoot = "";
			targets = (
				C3FA46FB13D0F8E200AC4F9B /* Xit */,
				C3FA471F13D0F8E300AC4F9B /* XitTests */,
				31355B0513EA139600C33AAB /* html.theme.default */,
			);
		};
/* End PBXProject section */

/* Begin PBXResourcesBuildPhase section */
		31355B0413EA139600C33AAB /* Resources */ = {
			isa = PBXResourcesBuildPhase;
			buildActionMask = 2147483647;
			files = (
				31355B0E13EA139700C33AAB /* InfoPlist.strings in Resources */,
				31355B1913EA189200C33AAB /* diff.css in Resources */,
			);
			runOnlyForDeploymentPostprocessing = 0;
		};
		C3FA46FA13D0F8E200AC4F9B /* Resources */ = {
			isa = PBXResourcesBuildPhase;
			buildActionMask = 2147483647;
			files = (
				31355B1713EA15DD00C33AAB /* html.theme.default.bundle in Resources */,
				C3FA470B13D0F8E200AC4F9B /* InfoPlist.strings in Resources */,
				C3FA471113D0F8E200AC4F9B /* Credits.rtf in Resources */,
				C3FA471713D0F8E200AC4F9B /* Xit.xib in Resources */,
				C3FA471A13D0F8E300AC4F9B /* MainMenu.xib in Resources */,
				DD00725613E76DFB003B4120 /* Xit.icns in Resources */,
				31A8939E13E9D5B4008BE0C2 /* XTCommitViewController.xib in Resources */,
				31C7C13413ECC74C00A65FE9 /* XTHistoryView.xib in Resources */,
				31C666A613F3B55A000E4073 /* XTStageViewController.xib in Resources */,
			);
			runOnlyForDeploymentPostprocessing = 0;
		};
		C3FA471D13D0F8E300AC4F9B /* Resources */ = {
			isa = PBXResourcesBuildPhase;
			buildActionMask = 2147483647;
			files = (
				C3FA472913D0F8E300AC4F9B /* InfoPlist.strings in Resources */,
				C3FA472C13D0F8E300AC4F9B /* XitTests.h in Resources */,
			);
			runOnlyForDeploymentPostprocessing = 0;
		};
/* End PBXResourcesBuildPhase section */

/* Begin PBXShellScriptBuildPhase section */
		317C19DE13EBD2500003E8E6 /* ShellScript */ = {
			isa = PBXShellScriptBuildPhase;
			buildActionMask = 2147483647;
			files = (
			);
			inputPaths = (
			);
			outputPaths = (
			);
			runOnlyForDeploymentPostprocessing = 0;
			shellPath = /bin/sh;
			shellScript = "KEYWORDS=\"TODO|FIXME|\\?\\?\\?:|\\!\\!\\!:\"\nfind ${SRCROOT} \\( -name \"*.h\" -or -name \"*.m\" \\) -print0 | \\\nxargs -0 egrep --with-filename --line-number --only-matching \"($KEYWORDS).*\\$\" | \\\nperl -p -e \"s/($KEYWORDS)/ warning: \\$1/\"";
		};
		C3355E1113F31044008D14B8 /* Run uncrustify Script */ = {
			isa = PBXShellScriptBuildPhase;
			buildActionMask = 2147483647;
			files = (
			);
			inputPaths = (
			);
			name = "Run uncrustify Script";
			outputPaths = (
			);
			runOnlyForDeploymentPostprocessing = 0;
			shellPath = /bin/sh;
			shellScript = "PATH=${PATH}:/usr/local/bin\nif $(which -s uncrustify); then\n    for name in \"*.h\" \"*.pch\"\n    do\n        find . -name $name -exec uncrustify -c uncrustify.cfg --replace --no-backup -l OC+ {} \\;\n    done\n    for name in \"*.m\" \"*.mm\"\n    do\n        find . -name $name -exec uncrustify -c uncrustify.cfg --replace --no-backup {} \\;\n    done\nelse\n    echo \"warning: $(which uncrustify) - ${PATH}\"\nfi";
		};
		C3355E1313F327D6008D14B8 /* Run uncrustify Script */ = {
			isa = PBXShellScriptBuildPhase;
			buildActionMask = 2147483647;
			files = (
			);
			inputPaths = (
			);
			name = "Run uncrustify Script";
			outputPaths = (
			);
			runOnlyForDeploymentPostprocessing = 0;
			shellPath = /bin/sh;
			shellScript = "if $(which -s uncrustify); then\nfind . -name \"*[mh]\" -exec uncrustify -c uncrustify.cfg --replace --no-backup {} \\;\nelse\necho \"warning: uncrustify not found\"\nfi";
		};
		C3FA471E13D0F8E300AC4F9B /* ShellScript */ = {
			isa = PBXShellScriptBuildPhase;
			buildActionMask = 2147483647;
			files = (
			);
			inputPaths = (
			);
			outputPaths = (
			);
			runOnlyForDeploymentPostprocessing = 0;
			shellPath = /bin/sh;
			shellScript = "# Run the unit tests in this test bundle.\n\"${SYSTEM_DEVELOPER_DIR}/Tools/RunUnitTests\"\n";
		};
/* End PBXShellScriptBuildPhase section */

/* Begin PBXSourcesBuildPhase section */
		31355B0213EA139600C33AAB /* Sources */ = {
			isa = PBXSourcesBuildPhase;
			buildActionMask = 2147483647;
			files = (
			);
			runOnlyForDeploymentPostprocessing = 0;
		};
		C3FA46F813D0F8E200AC4F9B /* Sources */ = {
			isa = PBXSourcesBuildPhase;
			buildActionMask = 2147483647;
			files = (
				C3FA470E13D0F8E200AC4F9B /* main.m in Sources */,
				C3FA471413D0F8E200AC4F9B /* Xit.m in Sources */,
				31F1E87F13D3B51200F3B317 /* GITBasic+Xit.m in Sources */,
				31F1E88313D3DCAC00F3B317 /* XTSideBarItem.m in Sources */,
				C3D6CF1B13D4B18900D35D4D /* XTLocalBranchItem.m in Sources */,
				C3D6CF1E13D4B74400D35D4D /* XTTagItem.m in Sources */,
				C3D6CF2113D4D5B200D35D4D /* XTRemotesItem.m in Sources */,
				3174966513DF896E004C5546 /* XTHistoryDataSource.m in Sources */,
				3174966813DF8A0C004C5546 /* XTSideBarDataSource.m in Sources */,
				3174966E13DFF94C004C5546 /* XTHistoryItem.m in Sources */,
				C3D6D31313E8E65700AF50B0 /* PBGitHistoryGrapher.m in Sources */,
				C3D6D31613E8E6BC00AF50B0 /* PBGitGrapher.mm in Sources */,
				C3D6D31913E8E6E400AF50B0 /* PBGraphCellInfo.m in Sources */,
				C3D6D31F13E8E7E700AF50B0 /* PBGitLane.mm in Sources */,
				C3D6D32213E91EDC00AF50B0 /* PBGitRevisionCell.m in Sources */,
				31A8939D13E9D5B4008BE0C2 /* XTCommitViewController.m in Sources */,
				31C7C12E13EC738200A65FE9 /* NSMutableDictionary+MultiObjectForKey.m in Sources */,
				31C7C13313ECC74C00A65FE9 /* XTHistoryView.m in Sources */,
				31C62D9E13F25A6200845A9B /* XTUnstagedDataSource.m in Sources */,
				31C62DA113F2638600845A9B /* XTFileIndexInfo.m in Sources */,
				31C666A113F3AEF3000E4073 /* XTStagedDataSource.m in Sources */,
				31C666A513F3B55A000E4073 /* XTStageViewController.m in Sources */,
				C343F91113F4908E009C928A /* XTHTML.m in Sources */,
			);
			runOnlyForDeploymentPostprocessing = 0;
		};
		C3FA471B13D0F8E300AC4F9B /* Sources */ = {
			isa = PBXSourcesBuildPhase;
			buildActionMask = 2147483647;
			files = (
				C3FA472E13D0F8E300AC4F9B /* XitTests.m in Sources */,
				311429B913EB60AA00A7DF05 /* XTCommitViewControllerTest.m in Sources */,
				313014AC13EB656B0017A2A1 /* XTSideBarDataSorceTests.m in Sources */,
				313014AF13EB65DB0017A2A1 /* XTHistoryDataSorceTests.m in Sources */,
				31C62D9813F2580E00845A9B /* XTStageViewControllerTest.m in Sources */,
			);
			runOnlyForDeploymentPostprocessing = 0;
		};
/* End PBXSourcesBuildPhase section */

/* Begin PBXTargetDependency section */
		31355B1613EA13A900C33AAB /* PBXTargetDependency */ = {
			isa = PBXTargetDependency;
			target = 31355B0513EA139600C33AAB /* html.theme.default */;
			targetProxy = 31355B1513EA13A900C33AAB /* PBXContainerItemProxy */;
		};
		C3FA472313D0F8E300AC4F9B /* PBXTargetDependency */ = {
			isa = PBXTargetDependency;
			target = C3FA46FB13D0F8E200AC4F9B /* Xit */;
			targetProxy = C3FA472213D0F8E300AC4F9B /* PBXContainerItemProxy */;
		};
/* End PBXTargetDependency section */

/* Begin PBXVariantGroup section */
		31355B0C13EA139700C33AAB /* InfoPlist.strings */ = {
			isa = PBXVariantGroup;
			children = (
				31355B0D13EA139700C33AAB /* en */,
			);
			name = InfoPlist.strings;
			sourceTree = "<group>";
		};
		C3FA470913D0F8E200AC4F9B /* InfoPlist.strings */ = {
			isa = PBXVariantGroup;
			children = (
				C3FA470A13D0F8E200AC4F9B /* en */,
			);
			name = InfoPlist.strings;
			sourceTree = "<group>";
		};
		C3FA470F13D0F8E200AC4F9B /* Credits.rtf */ = {
			isa = PBXVariantGroup;
			children = (
				C3FA471013D0F8E200AC4F9B /* en */,
			);
			name = Credits.rtf;
			sourceTree = "<group>";
		};
		C3FA471513D0F8E200AC4F9B /* Xit.xib */ = {
			isa = PBXVariantGroup;
			children = (
				C3FA471613D0F8E200AC4F9B /* en */,
			);
			name = Xit.xib;
			sourceTree = "<group>";
		};
		C3FA471813D0F8E300AC4F9B /* MainMenu.xib */ = {
			isa = PBXVariantGroup;
			children = (
				C3FA471913D0F8E300AC4F9B /* en */,
			);
			name = MainMenu.xib;
			sourceTree = "<group>";
		};
		C3FA472713D0F8E300AC4F9B /* InfoPlist.strings */ = {
			isa = PBXVariantGroup;
			children = (
				C3FA472813D0F8E300AC4F9B /* en */,
			);
			name = InfoPlist.strings;
			sourceTree = "<group>";
		};
/* End PBXVariantGroup section */

/* Begin XCBuildConfiguration section */
		31355B1013EA139700C33AAB /* Debug */ = {
			isa = XCBuildConfiguration;
			buildSettings = {
				ALWAYS_SEARCH_USER_PATHS = NO;
				ARCHS = "$(ARCHS_STANDARD_64_BIT)";
				CLANG_ENABLE_OBJC_ARC = YES;
				COPY_PHASE_STRIP = NO;
				GCC_DYNAMIC_NO_PIC = NO;
				GCC_ENABLE_OBJC_EXCEPTIONS = YES;
				GCC_PRECOMPILE_PREFIX_HEADER = YES;
				GCC_PREFIX_HEADER = "html.theme.default/html.theme.default-Prefix.pch";
				GCC_PREPROCESSOR_DEFINITIONS = (
					"DEBUG=1",
					"$(inherited)",
				);
				GCC_VERSION = com.apple.compilers.llvm.clang.1_0;
				GCC_WARN_ABOUT_MISSING_PROTOTYPES = YES;
				INFOPLIST_FILE = "html.theme.default/html.theme.default-Info.plist";
				INSTALL_PATH = "$(LOCAL_LIBRARY_DIR)/Bundles";
				MACOSX_DEPLOYMENT_TARGET = 10.7;
				PRODUCT_NAME = "$(TARGET_NAME)";
				WRAPPER_EXTENSION = bundle;
			};
			name = Debug;
		};
		31355B1113EA139700C33AAB /* coverage */ = {
			isa = XCBuildConfiguration;
			buildSettings = {
				ALWAYS_SEARCH_USER_PATHS = NO;
				ARCHS = "$(ARCHS_STANDARD_64_BIT)";
				CLANG_ENABLE_OBJC_ARC = YES;
				COPY_PHASE_STRIP = YES;
				DEBUG_INFORMATION_FORMAT = "dwarf-with-dsym";
				GCC_ENABLE_OBJC_EXCEPTIONS = YES;
				GCC_PRECOMPILE_PREFIX_HEADER = YES;
				GCC_PREFIX_HEADER = "html.theme.default/html.theme.default-Prefix.pch";
				GCC_VERSION = com.apple.compilers.llvm.clang.1_0;
				GCC_WARN_ABOUT_MISSING_PROTOTYPES = YES;
				INFOPLIST_FILE = "html.theme.default/html.theme.default-Info.plist";
				INSTALL_PATH = "$(LOCAL_LIBRARY_DIR)/Bundles";
				MACOSX_DEPLOYMENT_TARGET = 10.7;
				PRODUCT_NAME = "$(TARGET_NAME)";
				WRAPPER_EXTENSION = bundle;
			};
			name = coverage;
		};
		31355B1213EA139700C33AAB /* Release */ = {
			isa = XCBuildConfiguration;
			buildSettings = {
				ALWAYS_SEARCH_USER_PATHS = NO;
				ARCHS = "$(ARCHS_STANDARD_64_BIT)";
				CLANG_ENABLE_OBJC_ARC = YES;
				COPY_PHASE_STRIP = YES;
				DEBUG_INFORMATION_FORMAT = "dwarf-with-dsym";
				GCC_ENABLE_OBJC_EXCEPTIONS = YES;
				GCC_PRECOMPILE_PREFIX_HEADER = YES;
				GCC_PREFIX_HEADER = "html.theme.default/html.theme.default-Prefix.pch";
				GCC_VERSION = com.apple.compilers.llvm.clang.1_0;
				GCC_WARN_ABOUT_MISSING_PROTOTYPES = YES;
				INFOPLIST_FILE = "html.theme.default/html.theme.default-Info.plist";
				INSTALL_PATH = "$(LOCAL_LIBRARY_DIR)/Bundles";
				MACOSX_DEPLOYMENT_TARGET = 10.7;
				PRODUCT_NAME = "$(TARGET_NAME)";
				WRAPPER_EXTENSION = bundle;
			};
			name = Release;
		};
		C3D6CF2513D4DEE300D35D4D /* coverage */ = {
			isa = XCBuildConfiguration;
			buildSettings = {
				ARCHS = "$(ARCHS_STANDARD_32_64_BIT)";
				GCC_C_LANGUAGE_STANDARD = gnu99;
				GCC_GENERATE_TEST_COVERAGE_FILES = YES;
				GCC_INSTRUMENT_PROGRAM_FLOW_ARCS = YES;
				GCC_OPTIMIZATION_LEVEL = 0;
				GCC_PREFIX_HEADER = "";
				GCC_PREPROCESSOR_DEFINITIONS = DEBUG;
				GCC_SYMBOLS_PRIVATE_EXTERN = NO;
				GCC_VERSION = 4.2;
				GCC_WARN_64_TO_32_BIT_CONVERSION = YES;
				GCC_WARN_ABOUT_RETURN_TYPE = YES;
				GCC_WARN_UNUSED_VARIABLE = YES;
				MACOSX_DEPLOYMENT_TARGET = 10.6;
				ONLY_ACTIVE_ARCH = YES;
				OTHER_LDFLAGS = "-lgcov";
				SDKROOT = macosx;
			};
			name = coverage;
		};
		C3D6CF2613D4DEE300D35D4D /* coverage */ = {
			isa = XCBuildConfiguration;
			buildSettings = {
				ALWAYS_SEARCH_USER_PATHS = NO;
				COPY_PHASE_STRIP = NO;
				GCC_DYNAMIC_NO_PIC = NO;
				GCC_ENABLE_OBJC_EXCEPTIONS = YES;
				GCC_ENABLE_OBJC_GC = required;
				GCC_PRECOMPILE_PREFIX_HEADER = YES;
				GCC_PREFIX_HEADER = "";
				GCC_VERSION = com.apple.compilers.llvm.clang.1_0;
				INFOPLIST_FILE = "Xit/Xit-Info.plist";
				MACOSX_DEPLOYMENT_TARGET = 10.6;
				PRODUCT_NAME = "$(TARGET_NAME)";
				WRAPPER_EXTENSION = app;
			};
			name = coverage;
		};
		C3D6CF2713D4DEE300D35D4D /* coverage */ = {
			isa = XCBuildConfiguration;
			buildSettings = {
				ALWAYS_SEARCH_USER_PATHS = NO;
				BUNDLE_LOADER = "$(BUILT_PRODUCTS_DIR)/Xit.app/Contents/MacOS/Xit";
				COPY_PHASE_STRIP = NO;
				FRAMEWORK_SEARCH_PATHS = "$(DEVELOPER_LIBRARY_DIR)/Frameworks";
				GCC_DYNAMIC_NO_PIC = NO;
				GCC_ENABLE_OBJC_EXCEPTIONS = YES;
				GCC_ENABLE_OBJC_GC = required;
				GCC_PRECOMPILE_PREFIX_HEADER = YES;
				GCC_PREFIX_HEADER = "";
				GCC_VERSION = com.apple.compilers.llvm.clang.1_0;
				INFOPLIST_FILE = "XitTests/XitTests-Info.plist";
				OTHER_LDFLAGS = (
					"-framework",
					SenTestingKit,
				);
				PRODUCT_NAME = "$(TARGET_NAME)";
				TEST_HOST = "$(BUNDLE_LOADER)";
				WRAPPER_EXTENSION = octest;
			};
			name = coverage;
		};
		C3FA472F13D0F8E300AC4F9B /* Debug */ = {
			isa = XCBuildConfiguration;
			buildSettings = {
				ARCHS = "$(ARCHS_STANDARD_32_64_BIT)";
				GCC_C_LANGUAGE_STANDARD = gnu99;
				GCC_GENERATE_TEST_COVERAGE_FILES = NO;
				GCC_INSTRUMENT_PROGRAM_FLOW_ARCS = NO;
				GCC_OPTIMIZATION_LEVEL = 0;
				GCC_PREPROCESSOR_DEFINITIONS = DEBUG;
				GCC_SYMBOLS_PRIVATE_EXTERN = NO;
				GCC_VERSION = 4.2;
				GCC_WARN_64_TO_32_BIT_CONVERSION = YES;
				GCC_WARN_ABOUT_RETURN_TYPE = YES;
				GCC_WARN_UNUSED_VARIABLE = YES;
				MACOSX_DEPLOYMENT_TARGET = 10.6;
				ONLY_ACTIVE_ARCH = YES;
				OTHER_LDFLAGS = "";
				SDKROOT = macosx;
			};
			name = Debug;
		};
		C3FA473013D0F8E300AC4F9B /* Release */ = {
			isa = XCBuildConfiguration;
			buildSettings = {
				ARCHS = "$(ARCHS_STANDARD_32_64_BIT)";
				GCC_C_LANGUAGE_STANDARD = gnu99;
				GCC_GENERATE_TEST_COVERAGE_FILES = NO;
				GCC_INSTRUMENT_PROGRAM_FLOW_ARCS = NO;
				GCC_VERSION = 4.2;
				GCC_WARN_64_TO_32_BIT_CONVERSION = YES;
				GCC_WARN_ABOUT_RETURN_TYPE = YES;
				GCC_WARN_UNUSED_VARIABLE = YES;
				MACOSX_DEPLOYMENT_TARGET = 10.6;
				OTHER_LDFLAGS = "";
				SDKROOT = macosx;
			};
			name = Release;
		};
		C3FA473213D0F8E300AC4F9B /* Debug */ = {
			isa = XCBuildConfiguration;
			buildSettings = {
				ALWAYS_SEARCH_USER_PATHS = NO;
				COPY_PHASE_STRIP = NO;
				GCC_DYNAMIC_NO_PIC = NO;
				GCC_ENABLE_OBJC_EXCEPTIONS = YES;
				GCC_ENABLE_OBJC_GC = required;
				GCC_PRECOMPILE_PREFIX_HEADER = YES;
				GCC_PREFIX_HEADER = "Xit/Xit-Prefix.pch";
				GCC_VERSION = com.apple.compilers.llvm.clang.1_0;
				INFOPLIST_FILE = "Xit/Xit-Info.plist";
				MACOSX_DEPLOYMENT_TARGET = 10.6;
				PRODUCT_NAME = "$(TARGET_NAME)";
				WRAPPER_EXTENSION = app;
			};
			name = Debug;
		};
		C3FA473313D0F8E300AC4F9B /* Release */ = {
			isa = XCBuildConfiguration;
			buildSettings = {
				ALWAYS_SEARCH_USER_PATHS = NO;
				COPY_PHASE_STRIP = YES;
				DEBUG_INFORMATION_FORMAT = "dwarf-with-dsym";
				GCC_ENABLE_OBJC_EXCEPTIONS = YES;
				GCC_ENABLE_OBJC_GC = required;
				GCC_PRECOMPILE_PREFIX_HEADER = YES;
				GCC_PREFIX_HEADER = "Xit/Xit-Prefix.pch";
				GCC_VERSION = com.apple.compilers.llvm.clang.1_0;
				INFOPLIST_FILE = "Xit/Xit-Info.plist";
				MACOSX_DEPLOYMENT_TARGET = 10.6;
				PRODUCT_NAME = "$(TARGET_NAME)";
				WRAPPER_EXTENSION = app;
			};
			name = Release;
		};
		C3FA473513D0F8E300AC4F9B /* Debug */ = {
			isa = XCBuildConfiguration;
			buildSettings = {
				ALWAYS_SEARCH_USER_PATHS = NO;
				BUNDLE_LOADER = "$(BUILT_PRODUCTS_DIR)/Xit.app/Contents/MacOS/Xit";
				COPY_PHASE_STRIP = NO;
				FRAMEWORK_SEARCH_PATHS = "$(DEVELOPER_LIBRARY_DIR)/Frameworks";
				GCC_DYNAMIC_NO_PIC = NO;
				GCC_ENABLE_OBJC_EXCEPTIONS = YES;
				GCC_ENABLE_OBJC_GC = required;
				GCC_PRECOMPILE_PREFIX_HEADER = YES;
				GCC_PREFIX_HEADER = "XitTests/XitTests-Prefix.pch";
				GCC_VERSION = com.apple.compilers.llvm.clang.1_0;
				INFOPLIST_FILE = "XitTests/XitTests-Info.plist";
				OTHER_LDFLAGS = (
					"-framework",
					SenTestingKit,
				);
				PRODUCT_NAME = "$(TARGET_NAME)";
				TEST_HOST = "$(BUNDLE_LOADER)";
				WRAPPER_EXTENSION = octest;
			};
			name = Debug;
		};
		C3FA473613D0F8E300AC4F9B /* Release */ = {
			isa = XCBuildConfiguration;
			buildSettings = {
				ALWAYS_SEARCH_USER_PATHS = NO;
				BUNDLE_LOADER = "$(BUILT_PRODUCTS_DIR)/Xit.app/Contents/MacOS/Xit";
				COPY_PHASE_STRIP = YES;
				DEBUG_INFORMATION_FORMAT = "dwarf-with-dsym";
				FRAMEWORK_SEARCH_PATHS = "$(DEVELOPER_LIBRARY_DIR)/Frameworks";
				GCC_ENABLE_OBJC_EXCEPTIONS = YES;
				GCC_ENABLE_OBJC_GC = required;
				GCC_PRECOMPILE_PREFIX_HEADER = YES;
				GCC_PREFIX_HEADER = "XitTests/XitTests-Prefix.pch";
				GCC_VERSION = com.apple.compilers.llvm.clang.1_0;
				INFOPLIST_FILE = "XitTests/XitTests-Info.plist";
				OTHER_LDFLAGS = (
					"-framework",
					SenTestingKit,
				);
				PRODUCT_NAME = "$(TARGET_NAME)";
				TEST_HOST = "$(BUNDLE_LOADER)";
				WRAPPER_EXTENSION = octest;
			};
			name = Release;
		};
/* End XCBuildConfiguration section */

/* Begin XCConfigurationList section */
		31355B1313EA139700C33AAB /* Build configuration list for PBXNativeTarget "html.theme.default" */ = {
			isa = XCConfigurationList;
			buildConfigurations = (
				31355B1013EA139700C33AAB /* Debug */,
				31355B1113EA139700C33AAB /* coverage */,
				31355B1213EA139700C33AAB /* Release */,
			);
			defaultConfigurationIsVisible = 0;
			defaultConfigurationName = Release;
		};
		C3FA46F613D0F8E200AC4F9B /* Build configuration list for PBXProject "Xit" */ = {
			isa = XCConfigurationList;
			buildConfigurations = (
				C3FA472F13D0F8E300AC4F9B /* Debug */,
				C3D6CF2513D4DEE300D35D4D /* coverage */,
				C3FA473013D0F8E300AC4F9B /* Release */,
			);
			defaultConfigurationIsVisible = 0;
			defaultConfigurationName = Release;
		};
		C3FA473113D0F8E300AC4F9B /* Build configuration list for PBXNativeTarget "Xit" */ = {
			isa = XCConfigurationList;
			buildConfigurations = (
				C3FA473213D0F8E300AC4F9B /* Debug */,
				C3D6CF2613D4DEE300D35D4D /* coverage */,
				C3FA473313D0F8E300AC4F9B /* Release */,
			);
			defaultConfigurationIsVisible = 0;
			defaultConfigurationName = Release;
		};
		C3FA473413D0F8E300AC4F9B /* Build configuration list for PBXNativeTarget "XitTests" */ = {
			isa = XCConfigurationList;
			buildConfigurations = (
				C3FA473513D0F8E300AC4F9B /* Debug */,
				C3D6CF2713D4DEE300D35D4D /* coverage */,
				C3FA473613D0F8E300AC4F9B /* Release */,
			);
			defaultConfigurationIsVisible = 0;
			defaultConfigurationName = Release;
		};
/* End XCConfigurationList section */
	};
	rootObject = C3FA46F313D0F8E200AC4F9B /* Project object */;
}
