// !$*UTF8*$!
{
	archiveVersion = 1;
	classes = {
	};
	objectVersion = 46;
	objects = {

/* Begin PBXBuildFile section */
		311429B913EB60AA00A7DF05 /* XTCommitViewControllerTest.m in Sources */ = {isa = PBXBuildFile; fileRef = 311429B613EB600100A7DF05 /* XTCommitViewControllerTest.m */; };
		313014AC13EB656B0017A2A1 /* XTSideBarDataSorceTests.m in Sources */ = {isa = PBXBuildFile; fileRef = 313014A913EB653F0017A2A1 /* XTSideBarDataSorceTests.m */; };
		313014AF13EB65DB0017A2A1 /* XTHistoryDataSorceTests.m in Sources */ = {isa = PBXBuildFile; fileRef = 313014AE13EB65DB0017A2A1 /* XTHistoryDataSorceTests.m */; };
		3152B1E61423152700DCA679 /* XTFileListHistoryDataSource.m in Sources */ = {isa = PBXBuildFile; fileRef = 3152B1E51423152700DCA679 /* XTFileListHistoryDataSource.m */; };
		3174966513DF896E004C5546 /* XTHistoryDataSource.m in Sources */ = {isa = PBXBuildFile; fileRef = 3174966413DF896E004C5546 /* XTHistoryDataSource.m */; };
		3174966813DF8A0C004C5546 /* XTSideBarDataSource.m in Sources */ = {isa = PBXBuildFile; fileRef = 3174966713DF8A0C004C5546 /* XTSideBarDataSource.m */; };
		3174966E13DFF94C004C5546 /* XTHistoryItem.m in Sources */ = {isa = PBXBuildFile; fileRef = 3174966D13DFF94C004C5546 /* XTHistoryItem.m */; };
		3199BABD142079BB008AAA4F /* XTFileListDataSourceTest.m in Sources */ = {isa = PBXBuildFile; fileRef = 3199BABC142079BB008AAA4F /* XTFileListDataSourceTest.m */; };
		3199BAC014207CFB008AAA4F /* XTFileListDataSource.m in Sources */ = {isa = PBXBuildFile; fileRef = 3199BABF14207CFB008AAA4F /* XTFileListDataSource.m */; };
		31A8235714225F8B00408EDA /* XTFileViewController.m in Sources */ = {isa = PBXBuildFile; fileRef = 31A8235514225F8A00408EDA /* XTFileViewController.m */; };
		31A8235814225F8B00408EDA /* XTFileViewController.xib in Resources */ = {isa = PBXBuildFile; fileRef = 31A8235614225F8B00408EDA /* XTFileViewController.xib */; };
		31A8939D13E9D5B4008BE0C2 /* XTCommitViewController.m in Sources */ = {isa = PBXBuildFile; fileRef = 31A8939B13E9D5B4008BE0C2 /* XTCommitViewController.m */; };
		31A8939E13E9D5B4008BE0C2 /* XTCommitViewController.xib in Resources */ = {isa = PBXBuildFile; fileRef = 31A8939C13E9D5B4008BE0C2 /* XTCommitViewController.xib */; };
		31A893A013E9DA5B008BE0C2 /* WebKit.framework in Frameworks */ = {isa = PBXBuildFile; fileRef = 31A8939F13E9DA5B008BE0C2 /* WebKit.framework */; };
		31C62D9813F2580E00845A9B /* XTStageViewControllerTest.m in Sources */ = {isa = PBXBuildFile; fileRef = 31C62D9713F2580E00845A9B /* XTStageViewControllerTest.m */; };
		31C62D9E13F25A6200845A9B /* XTUnstagedDataSource.m in Sources */ = {isa = PBXBuildFile; fileRef = 31C62D9C13F25A5D00845A9B /* XTUnstagedDataSource.m */; };
		31C62DA113F2638600845A9B /* XTFileIndexInfo.m in Sources */ = {isa = PBXBuildFile; fileRef = 31C62DA013F2638600845A9B /* XTFileIndexInfo.m */; };
		31C666A113F3AEF3000E4073 /* XTStagedDataSource.m in Sources */ = {isa = PBXBuildFile; fileRef = 31C666A013F3AEF3000E4073 /* XTStagedDataSource.m */; };
		31C666A513F3B55A000E4073 /* XTStageViewController.m in Sources */ = {isa = PBXBuildFile; fileRef = 31C666A313F3B55A000E4073 /* XTStageViewController.m */; };
		31C666A613F3B55A000E4073 /* XTStageViewController.xib in Resources */ = {isa = PBXBuildFile; fileRef = 31C666A413F3B55A000E4073 /* XTStageViewController.xib */; };
		31C7C12E13EC738200A65FE9 /* NSMutableDictionary+MultiObjectForKey.m in Sources */ = {isa = PBXBuildFile; fileRef = 31C7C12D13EC738200A65FE9 /* NSMutableDictionary+MultiObjectForKey.m */; };
		31C7C13313ECC74C00A65FE9 /* XTHistoryViewController.m in Sources */ = {isa = PBXBuildFile; fileRef = 31C7C13113ECC74C00A65FE9 /* XTHistoryViewController.m */; };
		31C7C13413ECC74C00A65FE9 /* XTHistoryViewController.xib in Resources */ = {isa = PBXBuildFile; fileRef = 31C7C13213ECC74C00A65FE9 /* XTHistoryViewController.xib */; };
		31F1E87F13D3B51200F3B317 /* XTRepository+Commands.m in Sources */ = {isa = PBXBuildFile; fileRef = C3BC055713D1133000C3CF1A /* XTRepository+Commands.m */; };
		31F1E88313D3DCAC00F3B317 /* XTSideBarItem.m in Sources */ = {isa = PBXBuildFile; fileRef = 31F1E88213D3DCAC00F3B317 /* XTSideBarItem.m */; };
		89039F561703A9FC000949A8 /* html in Resources */ = {isa = PBXBuildFile; fileRef = 89039F551703A9FC000949A8 /* html */; };
		89355423157C128F007AC9CE /* XTDocController.m in Sources */ = {isa = PBXBuildFile; fileRef = 89355422157C128F007AC9CE /* XTDocController.m */; };
		895DEEF6142CECB7001763FC /* XTSideBarTableCellView.m in Sources */ = {isa = PBXBuildFile; fileRef = 895DEEF5142CECB7001763FC /* XTSideBarTableCellView.m */; };
		895DEF0C142CF84D001763FC /* branch.png in Resources */ = {isa = PBXBuildFile; fileRef = 895DEF0B142CF84D001763FC /* branch.png */; };
		895DEF1F142D91F8001763FC /* historyTemplate.pdf in Resources */ = {isa = PBXBuildFile; fileRef = 895DEF1E142D91F8001763FC /* historyTemplate.pdf */; };
		895DEF221432438D001763FC /* stageTemplate.pdf in Resources */ = {isa = PBXBuildFile; fileRef = 895DEF211432438D001763FC /* stageTemplate.pdf */; };
		896B05D015796D2A003B0C24 /* XTHistoryViewControllerTest.m in Sources */ = {isa = PBXBuildFile; fileRef = 896B05CF15796D2A003B0C24 /* XTHistoryViewControllerTest.m */; };
		89794F671452839500E38ACC /* XTStatusView.xib in Resources */ = {isa = PBXBuildFile; fileRef = 89794F651452839500E38ACC /* XTStatusView.xib */; };
		89794F8C1458CC9B00E38ACC /* XTOutputViewController.m in Sources */ = {isa = PBXBuildFile; fileRef = 89794F8A1458CC9B00E38ACC /* XTOutputViewController.m */; };
		89794F8D1458CC9B00E38ACC /* XTOutputViewController.xib in Resources */ = {isa = PBXBuildFile; fileRef = 89794F8B1458CC9B00E38ACC /* XTOutputViewController.xib */; };
		89991CDD144E3FF400097A99 /* XTStatusView.m in Sources */ = {isa = PBXBuildFile; fileRef = 89991CDC144E3FF400097A99 /* XTStatusView.m */; };
		899D010D14216D2C0091DC6F /* sidebarTemplate.png in Resources */ = {isa = PBXBuildFile; fileRef = 899D010C14216D2C0091DC6F /* sidebarTemplate.png */; };
		89A6EA2814478DA40089B212 /* XTAppDelegate.m in Sources */ = {isa = PBXBuildFile; fileRef = 89A6EA2714478DA40089B212 /* XTAppDelegate.m */; };
		89BEB8BC157B587600FED57B /* OCMock.framework in CopyFiles */ = {isa = PBXBuildFile; fileRef = DD592095156EEF40005FBB0F /* OCMock.framework */; };
		89D47943170894A200C04D89 /* NSAttributedString+XTExtensions.m in Sources */ = {isa = PBXBuildFile; fileRef = 89D47942170894A200C04D89 /* NSAttributedString+XTExtensions.m */; };
		89FE824815A716E800E2EA2A /* XTRepositoryTests.m in Sources */ = {isa = PBXBuildFile; fileRef = 89FE824715A716E800E2EA2A /* XTRepositoryTests.m */; };
		C343F91113F4908E009C928A /* XTHTML.m in Sources */ = {isa = PBXBuildFile; fileRef = C343F91013F4908E009C928A /* XTHTML.m */; };
		C358653114048A3F00060C53 /* XTRepository.m in Sources */ = {isa = PBXBuildFile; fileRef = C358653014048A3F00060C53 /* XTRepository.m */; };
		C3D6CF1B13D4B18900D35D4D /* XTLocalBranchItem.m in Sources */ = {isa = PBXBuildFile; fileRef = C3D6CF1A13D4B18900D35D4D /* XTLocalBranchItem.m */; };
		C3D6CF1E13D4B74400D35D4D /* XTTagItem.m in Sources */ = {isa = PBXBuildFile; fileRef = C3D6CF1D13D4B74400D35D4D /* XTTagItem.m */; };
		C3D6CF2113D4D5B200D35D4D /* XTRemotesItem.m in Sources */ = {isa = PBXBuildFile; fileRef = C3D6CF2013D4D5B200D35D4D /* XTRemotesItem.m */; };
		C3D6D31313E8E65700AF50B0 /* PBGitHistoryGrapher.m in Sources */ = {isa = PBXBuildFile; fileRef = C3D6D31113E8E65700AF50B0 /* PBGitHistoryGrapher.m */; };
		C3D6D31613E8E6BC00AF50B0 /* PBGitGrapher.mm in Sources */ = {isa = PBXBuildFile; fileRef = C3D6D31413E8E6BC00AF50B0 /* PBGitGrapher.mm */; };
		C3D6D31913E8E6E400AF50B0 /* PBGraphCellInfo.m in Sources */ = {isa = PBXBuildFile; fileRef = C3D6D31713E8E6E400AF50B0 /* PBGraphCellInfo.m */; };
		C3D6D31F13E8E7E700AF50B0 /* PBGitLane.mm in Sources */ = {isa = PBXBuildFile; fileRef = C3D6D31D13E8E7E700AF50B0 /* PBGitLane.mm */; };
		C3D6D32213E91EDC00AF50B0 /* PBGitRevisionCell.m in Sources */ = {isa = PBXBuildFile; fileRef = C3D6D32013E91EDC00AF50B0 /* PBGitRevisionCell.m */; };
		C3FA470113D0F8E200AC4F9B /* Cocoa.framework in Frameworks */ = {isa = PBXBuildFile; fileRef = C3FA470013D0F8E200AC4F9B /* Cocoa.framework */; };
		C3FA470B13D0F8E200AC4F9B /* InfoPlist.strings in Resources */ = {isa = PBXBuildFile; fileRef = C3FA470913D0F8E200AC4F9B /* InfoPlist.strings */; };
		C3FA470E13D0F8E200AC4F9B /* main.m in Sources */ = {isa = PBXBuildFile; fileRef = C3FA470D13D0F8E200AC4F9B /* main.m */; };
		C3FA471113D0F8E200AC4F9B /* Credits.rtf in Resources */ = {isa = PBXBuildFile; fileRef = C3FA470F13D0F8E200AC4F9B /* Credits.rtf */; };
		C3FA471413D0F8E200AC4F9B /* XTDocument.m in Sources */ = {isa = PBXBuildFile; fileRef = C3FA471313D0F8E200AC4F9B /* XTDocument.m */; };
		C3FA471713D0F8E200AC4F9B /* XTDocument.xib in Resources */ = {isa = PBXBuildFile; fileRef = C3FA471513D0F8E200AC4F9B /* XTDocument.xib */; };
		C3FA471A13D0F8E300AC4F9B /* MainMenu.xib in Resources */ = {isa = PBXBuildFile; fileRef = C3FA471813D0F8E300AC4F9B /* MainMenu.xib */; };
		C3FA472913D0F8E300AC4F9B /* InfoPlist.strings in Resources */ = {isa = PBXBuildFile; fileRef = C3FA472713D0F8E300AC4F9B /* InfoPlist.strings */; };
		C3FA472E13D0F8E300AC4F9B /* XTTest.m in Sources */ = {isa = PBXBuildFile; fileRef = C3FA472D13D0F8E300AC4F9B /* XTTest.m */; };
		DD00725613E76DFB003B4120 /* Xit.icns in Resources */ = {isa = PBXBuildFile; fileRef = DD00725513E76DFB003B4120 /* Xit.icns */; };
		DD07B07816A5D2A80012AC19 /* XTSideBarOutlineView.m in Sources */ = {isa = PBXBuildFile; fileRef = DD07B07716A5D2A80012AC19 /* XTSideBarOutlineView.m */; };
		DD07B08616B202E00012AC19 /* XTRemoteItem.m in Sources */ = {isa = PBXBuildFile; fileRef = DD07B08516B202E00012AC19 /* XTRemoteItem.m */; };
		DD07B08916B313A60012AC19 /* XTRefFormatter.m in Sources */ = {isa = PBXBuildFile; fileRef = DD07B08816B313A60012AC19 /* XTRefFormatter.m */; };
		DD3AC5B41611215C00238F58 /* XTRemoteBranchItem.m in Sources */ = {isa = PBXBuildFile; fileRef = DD3AC5B31611215C00238F58 /* XTRemoteBranchItem.m */; };
		DD592093156EEE64005FBB0F /* Cocoa.framework in Frameworks */ = {isa = PBXBuildFile; fileRef = C3FA470013D0F8E200AC4F9B /* Cocoa.framework */; };
		DD592096156EEF40005FBB0F /* OCMock.framework in Frameworks */ = {isa = PBXBuildFile; fileRef = DD592095156EEF40005FBB0F /* OCMock.framework */; };
		DD9C1B8F160239DD0001FE9B /* XTRefToken.m in Sources */ = {isa = PBXBuildFile; fileRef = DD9C1B8E160239DD0001FE9B /* XTRefToken.m */; };
		DDB9319516EC12B100A6ABC6 /* XTRefTokenTest.m in Sources */ = {isa = PBXBuildFile; fileRef = DDB9319416EC12B100A6ABC6 /* XTRefTokenTest.m */; };
		DDC75B8315D08E8F0087F2D4 /* NSDate+Extensions.m in Sources */ = {isa = PBXBuildFile; fileRef = DDC75B8215D08E8F0087F2D4 /* NSDate+Extensions.m */; };
		DDD00551158FF551001B055E /* branch@2x.png in Resources */ = {isa = PBXBuildFile; fileRef = DDD00550158FF551001B055E /* branch@2x.png */; };
		DDD9E33615953952007EF2F6 /* XTStagingDataSourceBase.m in Sources */ = {isa = PBXBuildFile; fileRef = DDD9E33515953952007EF2F6 /* XTStagingDataSourceBase.m */; };
		DDDA447215B0EA4700DF407B /* XTRepository+Parsing.m in Sources */ = {isa = PBXBuildFile; fileRef = DDDA447115B0EA4700DF407B /* XTRepository+Parsing.m */; };
		DDE55DDF1613C6C000CCAC03 /* XTModDateTracker.m in Sources */ = {isa = PBXBuildFile; fileRef = DDE55DDE1613C6C000CCAC03 /* XTModDateTracker.m */; };
		DDF9BB3A162E29C3004588B6 /* tag.png in Resources */ = {isa = PBXBuildFile; fileRef = DDF9BB38162E29C3004588B6 /* tag.png */; };
		DDF9BB3B162E29C3004588B6 /* tag@2x.png in Resources */ = {isa = PBXBuildFile; fileRef = DDF9BB39162E29C3004588B6 /* tag@2x.png */; };
/* End PBXBuildFile section */

/* Begin PBXContainerItemProxy section */
		C3FA472213D0F8E300AC4F9B /* PBXContainerItemProxy */ = {
			isa = PBXContainerItemProxy;
			containerPortal = C3FA46F313D0F8E200AC4F9B /* Project object */;
			proxyType = 1;
			remoteGlobalIDString = C3FA46FB13D0F8E200AC4F9B;
			remoteInfo = Xit;
		};
/* End PBXContainerItemProxy section */

/* Begin PBXCopyFilesBuildPhase section */
		89BEB8BB157B586F00FED57B /* CopyFiles */ = {
			isa = PBXCopyFilesBuildPhase;
			buildActionMask = 2147483647;
			dstPath = "";
			dstSubfolderSpec = 16;
			files = (
				89BEB8BC157B587600FED57B /* OCMock.framework in CopyFiles */,
			);
			runOnlyForDeploymentPostprocessing = 0;
		};
/* End PBXCopyFilesBuildPhase section */

/* Begin PBXFileReference section */
		311429B613EB600100A7DF05 /* XTCommitViewControllerTest.m */ = {isa = PBXFileReference; fileEncoding = 4; lastKnownFileType = sourcecode.c.objc; lineEnding = 0; path = XTCommitViewControllerTest.m; sourceTree = "<group>"; xcLanguageSpecificationIdentifier = xcode.lang.objc; };
		313014A913EB653F0017A2A1 /* XTSideBarDataSorceTests.m */ = {isa = PBXFileReference; fileEncoding = 4; lastKnownFileType = sourcecode.c.objc; lineEnding = 0; path = XTSideBarDataSorceTests.m; sourceTree = "<group>"; xcLanguageSpecificationIdentifier = xcode.lang.objc; };
		313014AE13EB65DB0017A2A1 /* XTHistoryDataSorceTests.m */ = {isa = PBXFileReference; fileEncoding = 4; lastKnownFileType = sourcecode.c.objc; lineEnding = 0; path = XTHistoryDataSorceTests.m; sourceTree = "<group>"; xcLanguageSpecificationIdentifier = xcode.lang.objc; };
		31355B0713EA139700C33AAB /* CoreFoundation.framework */ = {isa = PBXFileReference; lastKnownFileType = wrapper.framework; name = CoreFoundation.framework; path = System/Library/Frameworks/CoreFoundation.framework; sourceTree = SDKROOT; };
		3152B1E41423152700DCA679 /* XTFileListHistoryDataSource.h */ = {isa = PBXFileReference; fileEncoding = 4; lastKnownFileType = sourcecode.c.h; path = XTFileListHistoryDataSource.h; sourceTree = "<group>"; };
		3152B1E51423152700DCA679 /* XTFileListHistoryDataSource.m */ = {isa = PBXFileReference; fileEncoding = 4; lastKnownFileType = sourcecode.c.objc; path = XTFileListHistoryDataSource.m; sourceTree = "<group>"; };
		3174966313DF896E004C5546 /* XTHistoryDataSource.h */ = {isa = PBXFileReference; fileEncoding = 4; indentWidth = 4; lastKnownFileType = sourcecode.c.h; name = XTHistoryDataSource.h; path = Xit/XTHistoryDataSource.h; sourceTree = "<group>"; tabWidth = 4; };
		3174966413DF896E004C5546 /* XTHistoryDataSource.m */ = {isa = PBXFileReference; fileEncoding = 4; indentWidth = 4; lastKnownFileType = sourcecode.c.objc; name = XTHistoryDataSource.m; path = Xit/XTHistoryDataSource.m; sourceTree = "<group>"; tabWidth = 4; };
		3174966713DF8A0C004C5546 /* XTSideBarDataSource.m */ = {isa = PBXFileReference; fileEncoding = 4; indentWidth = 4; lastKnownFileType = sourcecode.c.objc; name = XTSideBarDataSource.m; path = Xit/XTSideBarDataSource.m; sourceTree = "<group>"; tabWidth = 4; };
		3174966C13DFF94C004C5546 /* XTHistoryItem.h */ = {isa = PBXFileReference; fileEncoding = 4; indentWidth = 4; lastKnownFileType = sourcecode.c.h; name = XTHistoryItem.h; path = Xit/XTHistoryItem.h; sourceTree = "<group>"; tabWidth = 4; };
		3174966D13DFF94C004C5546 /* XTHistoryItem.m */ = {isa = PBXFileReference; fileEncoding = 4; indentWidth = 4; lastKnownFileType = sourcecode.c.objc; name = XTHistoryItem.m; path = Xit/XTHistoryItem.m; sourceTree = "<group>"; tabWidth = 4; };
		3199BABC142079BB008AAA4F /* XTFileListDataSourceTest.m */ = {isa = PBXFileReference; fileEncoding = 4; lastKnownFileType = sourcecode.c.objc; lineEnding = 0; path = XTFileListDataSourceTest.m; sourceTree = "<group>"; xcLanguageSpecificationIdentifier = xcode.lang.objc; };
		3199BABE14207CFB008AAA4F /* XTFileListDataSource.h */ = {isa = PBXFileReference; fileEncoding = 4; lastKnownFileType = sourcecode.c.h; path = XTFileListDataSource.h; sourceTree = "<group>"; };
		3199BABF14207CFB008AAA4F /* XTFileListDataSource.m */ = {isa = PBXFileReference; fileEncoding = 4; lastKnownFileType = sourcecode.c.objc; lineEnding = 0; path = XTFileListDataSource.m; sourceTree = "<group>"; xcLanguageSpecificationIdentifier = xcode.lang.objc; };
		31A8235414225F8A00408EDA /* XTFileViewController.h */ = {isa = PBXFileReference; fileEncoding = 4; lastKnownFileType = sourcecode.c.h; path = XTFileViewController.h; sourceTree = "<group>"; };
		31A8235514225F8A00408EDA /* XTFileViewController.m */ = {isa = PBXFileReference; fileEncoding = 4; lastKnownFileType = sourcecode.c.objc; path = XTFileViewController.m; sourceTree = "<group>"; };
		31A8235614225F8B00408EDA /* XTFileViewController.xib */ = {isa = PBXFileReference; fileEncoding = 4; lastKnownFileType = file.xib; path = XTFileViewController.xib; sourceTree = "<group>"; };
		31A8939A13E9D5B4008BE0C2 /* XTCommitViewController.h */ = {isa = PBXFileReference; fileEncoding = 4; indentWidth = 4; lastKnownFileType = sourcecode.c.h; path = XTCommitViewController.h; sourceTree = "<group>"; tabWidth = 4; };
		31A8939B13E9D5B4008BE0C2 /* XTCommitViewController.m */ = {isa = PBXFileReference; fileEncoding = 4; indentWidth = 4; lastKnownFileType = sourcecode.c.objc; lineEnding = 0; path = XTCommitViewController.m; sourceTree = "<group>"; tabWidth = 4; xcLanguageSpecificationIdentifier = xcode.lang.objc; };
		31A8939C13E9D5B4008BE0C2 /* XTCommitViewController.xib */ = {isa = PBXFileReference; fileEncoding = 4; lastKnownFileType = file.xib; path = XTCommitViewController.xib; sourceTree = "<group>"; };
		31A8939F13E9DA5B008BE0C2 /* WebKit.framework */ = {isa = PBXFileReference; lastKnownFileType = wrapper.framework; name = WebKit.framework; path = System/Library/Frameworks/WebKit.framework; sourceTree = SDKROOT; };
		31C62D9713F2580E00845A9B /* XTStageViewControllerTest.m */ = {isa = PBXFileReference; fileEncoding = 4; lastKnownFileType = sourcecode.c.objc; lineEnding = 0; path = XTStageViewControllerTest.m; sourceTree = "<group>"; xcLanguageSpecificationIdentifier = xcode.lang.objc; };
		31C62D9B13F25A5D00845A9B /* XTUnstagedDataSource.h */ = {isa = PBXFileReference; fileEncoding = 4; lastKnownFileType = sourcecode.c.h; path = XTUnstagedDataSource.h; sourceTree = "<group>"; };
		31C62D9C13F25A5D00845A9B /* XTUnstagedDataSource.m */ = {isa = PBXFileReference; fileEncoding = 4; lastKnownFileType = sourcecode.c.objc; path = XTUnstagedDataSource.m; sourceTree = "<group>"; };
		31C62D9F13F2638600845A9B /* XTFileIndexInfo.h */ = {isa = PBXFileReference; fileEncoding = 4; lastKnownFileType = sourcecode.c.h; path = XTFileIndexInfo.h; sourceTree = "<group>"; };
		31C62DA013F2638600845A9B /* XTFileIndexInfo.m */ = {isa = PBXFileReference; fileEncoding = 4; lastKnownFileType = sourcecode.c.objc; path = XTFileIndexInfo.m; sourceTree = "<group>"; };
		31C6669F13F3AEF3000E4073 /* XTStagedDataSource.h */ = {isa = PBXFileReference; fileEncoding = 4; lastKnownFileType = sourcecode.c.h; path = XTStagedDataSource.h; sourceTree = "<group>"; };
		31C666A013F3AEF3000E4073 /* XTStagedDataSource.m */ = {isa = PBXFileReference; fileEncoding = 4; lastKnownFileType = sourcecode.c.objc; path = XTStagedDataSource.m; sourceTree = "<group>"; };
		31C666A213F3B55A000E4073 /* XTStageViewController.h */ = {isa = PBXFileReference; fileEncoding = 4; lastKnownFileType = sourcecode.c.h; path = XTStageViewController.h; sourceTree = "<group>"; };
		31C666A313F3B55A000E4073 /* XTStageViewController.m */ = {isa = PBXFileReference; fileEncoding = 4; lastKnownFileType = sourcecode.c.objc; path = XTStageViewController.m; sourceTree = "<group>"; };
		31C666A413F3B55A000E4073 /* XTStageViewController.xib */ = {isa = PBXFileReference; fileEncoding = 4; lastKnownFileType = file.xib; path = XTStageViewController.xib; sourceTree = "<group>"; };
		31C7C12C13EC738200A65FE9 /* NSMutableDictionary+MultiObjectForKey.h */ = {isa = PBXFileReference; fileEncoding = 4; lastKnownFileType = sourcecode.c.h; path = "NSMutableDictionary+MultiObjectForKey.h"; sourceTree = "<group>"; };
		31C7C12D13EC738200A65FE9 /* NSMutableDictionary+MultiObjectForKey.m */ = {isa = PBXFileReference; fileEncoding = 4; lastKnownFileType = sourcecode.c.objc; path = "NSMutableDictionary+MultiObjectForKey.m"; sourceTree = "<group>"; };
		31C7C13013ECC74C00A65FE9 /* XTHistoryViewController.h */ = {isa = PBXFileReference; fileEncoding = 4; lastKnownFileType = sourcecode.c.h; path = XTHistoryViewController.h; sourceTree = "<group>"; };
		31C7C13113ECC74C00A65FE9 /* XTHistoryViewController.m */ = {isa = PBXFileReference; fileEncoding = 4; lastKnownFileType = sourcecode.c.objc; path = XTHistoryViewController.m; sourceTree = "<group>"; };
		31C7C13213ECC74C00A65FE9 /* XTHistoryViewController.xib */ = {isa = PBXFileReference; fileEncoding = 4; lastKnownFileType = file.xib; path = XTHistoryViewController.xib; sourceTree = "<group>"; };
		31F1E87813D3AC6D00F3B317 /* XTSideBarDataSource.h */ = {isa = PBXFileReference; fileEncoding = 4; indentWidth = 4; lastKnownFileType = sourcecode.c.h; name = XTSideBarDataSource.h; path = Xit/XTSideBarDataSource.h; sourceTree = "<group>"; tabWidth = 4; };
		31F1E88113D3DCAC00F3B317 /* XTSideBarItem.h */ = {isa = PBXFileReference; fileEncoding = 4; indentWidth = 4; lastKnownFileType = sourcecode.c.h; name = XTSideBarItem.h; path = Xit/XTSideBarItem.h; sourceTree = "<group>"; tabWidth = 4; };
		31F1E88213D3DCAC00F3B317 /* XTSideBarItem.m */ = {isa = PBXFileReference; fileEncoding = 4; indentWidth = 4; lastKnownFileType = sourcecode.c.objc; name = XTSideBarItem.m; path = Xit/XTSideBarItem.m; sourceTree = "<group>"; tabWidth = 4; };
		89039F551703A9FC000949A8 /* html */ = {isa = PBXFileReference; lastKnownFileType = folder; path = html; sourceTree = "<group>"; };
		89355421157C128F007AC9CE /* XTDocController.h */ = {isa = PBXFileReference; fileEncoding = 4; lastKnownFileType = sourcecode.c.h; path = XTDocController.h; sourceTree = "<group>"; };
		89355422157C128F007AC9CE /* XTDocController.m */ = {isa = PBXFileReference; fileEncoding = 4; lastKnownFileType = sourcecode.c.objc; path = XTDocController.m; sourceTree = "<group>"; };
		895DEEF4142CECB7001763FC /* XTSideBarTableCellView.h */ = {isa = PBXFileReference; fileEncoding = 4; lastKnownFileType = sourcecode.c.h; name = XTSideBarTableCellView.h; path = Xit/XTSideBarTableCellView.h; sourceTree = "<group>"; };
		895DEEF5142CECB7001763FC /* XTSideBarTableCellView.m */ = {isa = PBXFileReference; fileEncoding = 4; lastKnownFileType = sourcecode.c.objc; name = XTSideBarTableCellView.m; path = Xit/XTSideBarTableCellView.m; sourceTree = "<group>"; };
		895DEF0B142CF84D001763FC /* branch.png */ = {isa = PBXFileReference; lastKnownFileType = image.png; path = branch.png; sourceTree = "<group>"; };
		895DEF1E142D91F8001763FC /* historyTemplate.pdf */ = {isa = PBXFileReference; lastKnownFileType = image.pdf; path = historyTemplate.pdf; sourceTree = "<group>"; };
		895DEF211432438D001763FC /* stageTemplate.pdf */ = {isa = PBXFileReference; lastKnownFileType = image.pdf; path = stageTemplate.pdf; sourceTree = "<group>"; };
		896B05CF15796D2A003B0C24 /* XTHistoryViewControllerTest.m */ = {isa = PBXFileReference; fileEncoding = 4; lastKnownFileType = sourcecode.c.objc; lineEnding = 0; path = XTHistoryViewControllerTest.m; sourceTree = "<group>"; xcLanguageSpecificationIdentifier = xcode.lang.objc; };
		89794F661452839500E38ACC /* en */ = {isa = PBXFileReference; lastKnownFileType = file.xib; name = en; path = en.lproj/XTStatusView.xib; sourceTree = "<group>"; };
		89794F891458CC9B00E38ACC /* XTOutputViewController.h */ = {isa = PBXFileReference; fileEncoding = 4; lastKnownFileType = sourcecode.c.h; path = XTOutputViewController.h; sourceTree = "<group>"; };
		89794F8A1458CC9B00E38ACC /* XTOutputViewController.m */ = {isa = PBXFileReference; fileEncoding = 4; lastKnownFileType = sourcecode.c.objc; path = XTOutputViewController.m; sourceTree = "<group>"; };
		89794F8B1458CC9B00E38ACC /* XTOutputViewController.xib */ = {isa = PBXFileReference; fileEncoding = 4; lastKnownFileType = file.xib; path = XTOutputViewController.xib; sourceTree = "<group>"; };
		89991CDB144E3FF400097A99 /* XTStatusView.h */ = {isa = PBXFileReference; fileEncoding = 4; lastKnownFileType = sourcecode.c.h; path = XTStatusView.h; sourceTree = "<group>"; };
		89991CDC144E3FF400097A99 /* XTStatusView.m */ = {isa = PBXFileReference; fileEncoding = 4; lastKnownFileType = sourcecode.c.objc; path = XTStatusView.m; sourceTree = "<group>"; };
		899D010C14216D2C0091DC6F /* sidebarTemplate.png */ = {isa = PBXFileReference; lastKnownFileType = image.png; path = sidebarTemplate.png; sourceTree = "<group>"; };
		89A6EA2614478DA40089B212 /* XTAppDelegate.h */ = {isa = PBXFileReference; fileEncoding = 4; lastKnownFileType = sourcecode.c.h; path = XTAppDelegate.h; sourceTree = "<group>"; };
		89A6EA2714478DA40089B212 /* XTAppDelegate.m */ = {isa = PBXFileReference; fileEncoding = 4; lastKnownFileType = sourcecode.c.objc; path = XTAppDelegate.m; sourceTree = "<group>"; };
		89D47941170894A200C04D89 /* NSAttributedString+XTExtensions.h */ = {isa = PBXFileReference; fileEncoding = 4; lastKnownFileType = sourcecode.c.h; path = "NSAttributedString+XTExtensions.h"; sourceTree = "<group>"; };
		89D47942170894A200C04D89 /* NSAttributedString+XTExtensions.m */ = {isa = PBXFileReference; fileEncoding = 4; lastKnownFileType = sourcecode.c.objc; path = "NSAttributedString+XTExtensions.m"; sourceTree = "<group>"; };
		89FE824715A716E800E2EA2A /* XTRepositoryTests.m */ = {isa = PBXFileReference; fileEncoding = 4; lastKnownFileType = sourcecode.c.objc; path = XTRepositoryTests.m; sourceTree = "<group>"; };
		C343F90F13F4908E009C928A /* XTHTML.h */ = {isa = PBXFileReference; fileEncoding = 4; lastKnownFileType = sourcecode.c.h; path = XTHTML.h; sourceTree = "<group>"; };
		C343F91013F4908E009C928A /* XTHTML.m */ = {isa = PBXFileReference; fileEncoding = 4; lastKnownFileType = sourcecode.c.objc; path = XTHTML.m; sourceTree = "<group>"; };
		C358652F14048A3F00060C53 /* XTRepository.h */ = {isa = PBXFileReference; fileEncoding = 4; lastKnownFileType = sourcecode.c.h; path = XTRepository.h; sourceTree = "<group>"; };
		C358653014048A3F00060C53 /* XTRepository.m */ = {isa = PBXFileReference; fileEncoding = 4; lastKnownFileType = sourcecode.c.objc; path = XTRepository.m; sourceTree = "<group>"; };
		C3BC055613D1133000C3CF1A /* XTRepository+Commands.h */ = {isa = PBXFileReference; fileEncoding = 4; indentWidth = 4; lastKnownFileType = sourcecode.c.h; path = "XTRepository+Commands.h"; sourceTree = "<group>"; };
		C3BC055713D1133000C3CF1A /* XTRepository+Commands.m */ = {isa = PBXFileReference; fileEncoding = 4; indentWidth = 4; lastKnownFileType = sourcecode.c.objc; lineEnding = 0; path = "XTRepository+Commands.m"; sourceTree = "<group>"; xcLanguageSpecificationIdentifier = xcode.lang.objc; };
		C3D6CF1913D4B18900D35D4D /* XTLocalBranchItem.h */ = {isa = PBXFileReference; fileEncoding = 4; indentWidth = 4; lastKnownFileType = sourcecode.c.h; name = XTLocalBranchItem.h; path = Xit/XTLocalBranchItem.h; sourceTree = "<group>"; tabWidth = 4; };
		C3D6CF1A13D4B18900D35D4D /* XTLocalBranchItem.m */ = {isa = PBXFileReference; fileEncoding = 4; indentWidth = 4; lastKnownFileType = sourcecode.c.objc; name = XTLocalBranchItem.m; path = Xit/XTLocalBranchItem.m; sourceTree = "<group>"; tabWidth = 4; };
		C3D6CF1C13D4B74400D35D4D /* XTTagItem.h */ = {isa = PBXFileReference; fileEncoding = 4; indentWidth = 4; lastKnownFileType = sourcecode.c.h; name = XTTagItem.h; path = Xit/XTTagItem.h; sourceTree = "<group>"; tabWidth = 4; };
		C3D6CF1D13D4B74400D35D4D /* XTTagItem.m */ = {isa = PBXFileReference; fileEncoding = 4; indentWidth = 4; lastKnownFileType = sourcecode.c.objc; name = XTTagItem.m; path = Xit/XTTagItem.m; sourceTree = "<group>"; tabWidth = 4; };
		C3D6CF1F13D4D5B200D35D4D /* XTRemotesItem.h */ = {isa = PBXFileReference; fileEncoding = 4; indentWidth = 4; lastKnownFileType = sourcecode.c.h; name = XTRemotesItem.h; path = Xit/XTRemotesItem.h; sourceTree = "<group>"; tabWidth = 4; };
		C3D6CF2013D4D5B200D35D4D /* XTRemotesItem.m */ = {isa = PBXFileReference; fileEncoding = 4; indentWidth = 4; lastKnownFileType = sourcecode.c.objc; name = XTRemotesItem.m; path = Xit/XTRemotesItem.m; sourceTree = "<group>"; tabWidth = 4; };
		C3D6D31113E8E65700AF50B0 /* PBGitHistoryGrapher.m */ = {isa = PBXFileReference; fileEncoding = 4; lastKnownFileType = sourcecode.c.objc; path = PBGitHistoryGrapher.m; sourceTree = "<group>"; };
		C3D6D31213E8E65700AF50B0 /* PBGitHistoryGrapher.h */ = {isa = PBXFileReference; fileEncoding = 4; lastKnownFileType = sourcecode.c.h; path = PBGitHistoryGrapher.h; sourceTree = "<group>"; };
		C3D6D31413E8E6BC00AF50B0 /* PBGitGrapher.mm */ = {isa = PBXFileReference; fileEncoding = 4; lastKnownFileType = sourcecode.cpp.objcpp; path = PBGitGrapher.mm; sourceTree = "<group>"; };
		C3D6D31513E8E6BC00AF50B0 /* PBGitGrapher.h */ = {isa = PBXFileReference; fileEncoding = 4; lastKnownFileType = sourcecode.c.h; path = PBGitGrapher.h; sourceTree = "<group>"; };
		C3D6D31713E8E6E400AF50B0 /* PBGraphCellInfo.m */ = {isa = PBXFileReference; fileEncoding = 4; lastKnownFileType = sourcecode.c.objc; path = PBGraphCellInfo.m; sourceTree = "<group>"; };
		C3D6D31813E8E6E400AF50B0 /* PBGraphCellInfo.h */ = {isa = PBXFileReference; fileEncoding = 4; lastKnownFileType = sourcecode.c.h; path = PBGraphCellInfo.h; sourceTree = "<group>"; };
		C3D6D31B13E8E6FA00AF50B0 /* PBGitGraphLine.h */ = {isa = PBXFileReference; fileEncoding = 4; lastKnownFileType = sourcecode.c.h; path = PBGitGraphLine.h; sourceTree = "<group>"; };
		C3D6D31D13E8E7E700AF50B0 /* PBGitLane.mm */ = {isa = PBXFileReference; fileEncoding = 4; lastKnownFileType = sourcecode.cpp.objcpp; path = PBGitLane.mm; sourceTree = "<group>"; };
		C3D6D31E13E8E7E700AF50B0 /* PBGitLane.h */ = {isa = PBXFileReference; fileEncoding = 4; lastKnownFileType = sourcecode.c.h; path = PBGitLane.h; sourceTree = "<group>"; };
		C3D6D32013E91EDC00AF50B0 /* PBGitRevisionCell.m */ = {isa = PBXFileReference; fileEncoding = 4; lastKnownFileType = sourcecode.c.objc; path = PBGitRevisionCell.m; sourceTree = "<group>"; };
		C3D6D32113E91EDC00AF50B0 /* PBGitRevisionCell.h */ = {isa = PBXFileReference; fileEncoding = 4; lastKnownFileType = sourcecode.c.h; path = PBGitRevisionCell.h; sourceTree = "<group>"; };
		C3FA46FC13D0F8E200AC4F9B /* Xit.app */ = {isa = PBXFileReference; explicitFileType = wrapper.application; includeInIndex = 0; path = Xit.app; sourceTree = BUILT_PRODUCTS_DIR; };
		C3FA470013D0F8E200AC4F9B /* Cocoa.framework */ = {isa = PBXFileReference; lastKnownFileType = wrapper.framework; name = Cocoa.framework; path = System/Library/Frameworks/Cocoa.framework; sourceTree = SDKROOT; };
		C3FA470313D0F8E200AC4F9B /* AppKit.framework */ = {isa = PBXFileReference; lastKnownFileType = wrapper.framework; name = AppKit.framework; path = System/Library/Frameworks/AppKit.framework; sourceTree = SDKROOT; };
		C3FA470413D0F8E200AC4F9B /* CoreData.framework */ = {isa = PBXFileReference; lastKnownFileType = wrapper.framework; name = CoreData.framework; path = System/Library/Frameworks/CoreData.framework; sourceTree = SDKROOT; };
		C3FA470513D0F8E200AC4F9B /* Foundation.framework */ = {isa = PBXFileReference; lastKnownFileType = wrapper.framework; name = Foundation.framework; path = System/Library/Frameworks/Foundation.framework; sourceTree = SDKROOT; };
		C3FA470813D0F8E200AC4F9B /* Xit-Info.plist */ = {isa = PBXFileReference; lastKnownFileType = text.plist.xml; path = "Xit-Info.plist"; sourceTree = "<group>"; };
		C3FA470A13D0F8E200AC4F9B /* en */ = {isa = PBXFileReference; lastKnownFileType = text.plist.strings; name = en; path = en.lproj/InfoPlist.strings; sourceTree = "<group>"; };
		C3FA470C13D0F8E200AC4F9B /* Xit-Prefix.pch */ = {isa = PBXFileReference; indentWidth = 4; lastKnownFileType = sourcecode.c.h; path = "Xit-Prefix.pch"; sourceTree = "<group>"; tabWidth = 4; };
		C3FA470D13D0F8E200AC4F9B /* main.m */ = {isa = PBXFileReference; indentWidth = 4; lastKnownFileType = sourcecode.c.objc; path = main.m; sourceTree = "<group>"; tabWidth = 4; };
		C3FA471013D0F8E200AC4F9B /* en */ = {isa = PBXFileReference; lastKnownFileType = text.rtf; name = en; path = en.lproj/Credits.rtf; sourceTree = "<group>"; };
		C3FA471213D0F8E200AC4F9B /* XTDocument.h */ = {isa = PBXFileReference; indentWidth = 4; lastKnownFileType = sourcecode.c.h; path = XTDocument.h; sourceTree = "<group>"; tabWidth = 4; };
		C3FA471313D0F8E200AC4F9B /* XTDocument.m */ = {isa = PBXFileReference; indentWidth = 4; lastKnownFileType = sourcecode.c.objc; path = XTDocument.m; sourceTree = "<group>"; tabWidth = 4; };
		C3FA471613D0F8E200AC4F9B /* en */ = {isa = PBXFileReference; lastKnownFileType = file.xib; name = en; path = en.lproj/XTDocument.xib; sourceTree = "<group>"; };
		C3FA471913D0F8E300AC4F9B /* en */ = {isa = PBXFileReference; lastKnownFileType = file.xib; name = en; path = en.lproj/MainMenu.xib; sourceTree = "<group>"; };
		C3FA472013D0F8E300AC4F9B /* XitTests.octest */ = {isa = PBXFileReference; explicitFileType = wrapper.cfbundle; includeInIndex = 0; path = XitTests.octest; sourceTree = BUILT_PRODUCTS_DIR; };
		C3FA472613D0F8E300AC4F9B /* XitTests-Info.plist */ = {isa = PBXFileReference; lastKnownFileType = text.plist.xml; path = "XitTests-Info.plist"; sourceTree = "<group>"; };
		C3FA472813D0F8E300AC4F9B /* en */ = {isa = PBXFileReference; lastKnownFileType = text.plist.strings; name = en; path = en.lproj/InfoPlist.strings; sourceTree = "<group>"; };
		C3FA472A13D0F8E300AC4F9B /* XitTests-Prefix.pch */ = {isa = PBXFileReference; indentWidth = 4; lastKnownFileType = sourcecode.c.h; path = "XitTests-Prefix.pch"; sourceTree = "<group>"; tabWidth = 4; };
		C3FA472B13D0F8E300AC4F9B /* XTTest.h */ = {isa = PBXFileReference; indentWidth = 4; lastKnownFileType = sourcecode.c.h; path = XTTest.h; sourceTree = "<group>"; tabWidth = 4; };
		C3FA472D13D0F8E300AC4F9B /* XTTest.m */ = {isa = PBXFileReference; indentWidth = 4; lastKnownFileType = sourcecode.c.objc; lineEnding = 0; path = XTTest.m; sourceTree = "<group>"; tabWidth = 4; xcLanguageSpecificationIdentifier = xcode.lang.objc; };
		DD00725513E76DFB003B4120 /* Xit.icns */ = {isa = PBXFileReference; lastKnownFileType = image.icns; path = Xit.icns; sourceTree = "<group>"; };
		DD07B07616A5D2A80012AC19 /* XTSideBarOutlineView.h */ = {isa = PBXFileReference; fileEncoding = 4; lastKnownFileType = sourcecode.c.h; path = XTSideBarOutlineView.h; sourceTree = "<group>"; };
		DD07B07716A5D2A80012AC19 /* XTSideBarOutlineView.m */ = {isa = PBXFileReference; fileEncoding = 4; lastKnownFileType = sourcecode.c.objc; path = XTSideBarOutlineView.m; sourceTree = "<group>"; };
		DD07B08316B2005B0012AC19 /* XTConstants.h */ = {isa = PBXFileReference; lastKnownFileType = sourcecode.c.h; path = XTConstants.h; sourceTree = "<group>"; };
		DD07B08416B202E00012AC19 /* XTRemoteItem.h */ = {isa = PBXFileReference; fileEncoding = 4; lastKnownFileType = sourcecode.c.h; name = XTRemoteItem.h; path = Xit/XTRemoteItem.h; sourceTree = "<group>"; };
		DD07B08516B202E00012AC19 /* XTRemoteItem.m */ = {isa = PBXFileReference; fileEncoding = 4; lastKnownFileType = sourcecode.c.objc; name = XTRemoteItem.m; path = Xit/XTRemoteItem.m; sourceTree = "<group>"; };
		DD07B08716B313A60012AC19 /* XTRefFormatter.h */ = {isa = PBXFileReference; fileEncoding = 4; lastKnownFileType = sourcecode.c.h; path = XTRefFormatter.h; sourceTree = "<group>"; };
		DD07B08816B313A60012AC19 /* XTRefFormatter.m */ = {isa = PBXFileReference; fileEncoding = 4; lastKnownFileType = sourcecode.c.objc; path = XTRefFormatter.m; sourceTree = "<group>"; };
		DD3AC5B21611215C00238F58 /* XTRemoteBranchItem.h */ = {isa = PBXFileReference; fileEncoding = 4; lastKnownFileType = sourcecode.c.h; name = XTRemoteBranchItem.h; path = Xit/XTRemoteBranchItem.h; sourceTree = "<group>"; };
		DD3AC5B31611215C00238F58 /* XTRemoteBranchItem.m */ = {isa = PBXFileReference; fileEncoding = 4; lastKnownFileType = sourcecode.c.objc; name = XTRemoteBranchItem.m; path = Xit/XTRemoteBranchItem.m; sourceTree = "<group>"; };
		DD579ADB15D08978007E4AFE /* NSDate+Extensions.h */ = {isa = PBXFileReference; fileEncoding = 4; lastKnownFileType = sourcecode.c.h; path = "NSDate+Extensions.h"; sourceTree = "<group>"; };
		DD592095156EEF40005FBB0F /* OCMock.framework */ = {isa = PBXFileReference; lastKnownFileType = wrapper.framework; path = OCMock.framework; sourceTree = SOURCE_ROOT; };
		DD9C1B8D160239DD0001FE9B /* XTRefToken.h */ = {isa = PBXFileReference; fileEncoding = 4; lastKnownFileType = sourcecode.c.h; path = XTRefToken.h; sourceTree = "<group>"; };
		DD9C1B8E160239DD0001FE9B /* XTRefToken.m */ = {isa = PBXFileReference; fileEncoding = 4; lastKnownFileType = sourcecode.c.objc; path = XTRefToken.m; sourceTree = "<group>"; };
		DDB9319416EC12B100A6ABC6 /* XTRefTokenTest.m */ = {isa = PBXFileReference; fileEncoding = 4; lastKnownFileType = sourcecode.c.objc; path = XTRefTokenTest.m; sourceTree = "<group>"; };
		DDC75B8215D08E8F0087F2D4 /* NSDate+Extensions.m */ = {isa = PBXFileReference; fileEncoding = 4; lastKnownFileType = sourcecode.c.objc; path = "NSDate+Extensions.m"; sourceTree = "<group>"; };
		DDD00550158FF551001B055E /* branch@2x.png */ = {isa = PBXFileReference; lastKnownFileType = image.png; path = "branch@2x.png"; sourceTree = "<group>"; };
		DDD9E33315953868007EF2F6 /* XTStagingDataSourceBase.h */ = {isa = PBXFileReference; fileEncoding = 4; lastKnownFileType = sourcecode.c.h; path = XTStagingDataSourceBase.h; sourceTree = "<group>"; };
		DDD9E33515953952007EF2F6 /* XTStagingDataSourceBase.m */ = {isa = PBXFileReference; fileEncoding = 4; lastKnownFileType = sourcecode.c.objc; path = XTStagingDataSourceBase.m; sourceTree = "<group>"; };
		DDDA447015B0E97000DF407B /* XTRepository+Parsing.h */ = {isa = PBXFileReference; fileEncoding = 4; lastKnownFileType = sourcecode.c.h; path = "XTRepository+Parsing.h"; sourceTree = "<group>"; };
		DDDA447115B0EA4700DF407B /* XTRepository+Parsing.m */ = {isa = PBXFileReference; fileEncoding = 4; lastKnownFileType = sourcecode.c.objc; path = "XTRepository+Parsing.m"; sourceTree = "<group>"; };
		DDE55DDD1613C6C000CCAC03 /* XTModDateTracker.h */ = {isa = PBXFileReference; fileEncoding = 4; lastKnownFileType = sourcecode.c.h; path = XTModDateTracker.h; sourceTree = "<group>"; };
		DDE55DDE1613C6C000CCAC03 /* XTModDateTracker.m */ = {isa = PBXFileReference; fileEncoding = 4; lastKnownFileType = sourcecode.c.objc; path = XTModDateTracker.m; sourceTree = "<group>"; };
		DDF9BB38162E29C3004588B6 /* tag.png */ = {isa = PBXFileReference; lastKnownFileType = image.png; path = tag.png; sourceTree = "<group>"; };
		DDF9BB39162E29C3004588B6 /* tag@2x.png */ = {isa = PBXFileReference; lastKnownFileType = image.png; path = "tag@2x.png"; sourceTree = "<group>"; };
/* End PBXFileReference section */

/* Begin PBXFrameworksBuildPhase section */
		C3FA46F913D0F8E200AC4F9B /* Frameworks */ = {
			isa = PBXFrameworksBuildPhase;
			buildActionMask = 2147483647;
			files = (
				31A893A013E9DA5B008BE0C2 /* WebKit.framework in Frameworks */,
				C3FA470113D0F8E200AC4F9B /* Cocoa.framework in Frameworks */,
			);
			runOnlyForDeploymentPostprocessing = 0;
		};
		C3FA471C13D0F8E300AC4F9B /* Frameworks */ = {
			isa = PBXFrameworksBuildPhase;
			buildActionMask = 2147483647;
			files = (
				DD592093156EEE64005FBB0F /* Cocoa.framework in Frameworks */,
				DD592096156EEF40005FBB0F /* OCMock.framework in Frameworks */,
			);
			runOnlyForDeploymentPostprocessing = 0;
		};
/* End PBXFrameworksBuildPhase section */

/* Begin PBXGroup section */
		3199BAB91420794E008AAA4F /* FileView */ = {
			isa = PBXGroup;
			children = (
				3199BABE14207CFB008AAA4F /* XTFileListDataSource.h */,
				3199BABF14207CFB008AAA4F /* XTFileListDataSource.m */,
				31A8235414225F8A00408EDA /* XTFileViewController.h */,
				31A8235514225F8A00408EDA /* XTFileViewController.m */,
				31A8235614225F8B00408EDA /* XTFileViewController.xib */,
				3152B1E41423152700DCA679 /* XTFileListHistoryDataSource.h */,
				3152B1E51423152700DCA679 /* XTFileListHistoryDataSource.m */,
			);
			name = FileView;
			sourceTree = "<group>";
		};
		31A8939813E9D1EA008BE0C2 /* Views */ = {
			isa = PBXGroup;
			children = (
				3199BAB91420794E008AAA4F /* FileView */,
				31C62D9A13F25A3600845A9B /* StageView */,
				31C7C12F13ECC6C700A65FE9 /* HistoryView */,
				31A8939A13E9D5B4008BE0C2 /* XTCommitViewController.h */,
				31A8939B13E9D5B4008BE0C2 /* XTCommitViewController.m */,
				31A8939C13E9D5B4008BE0C2 /* XTCommitViewController.xib */,
			);
			name = Views;
			sourceTree = "<group>";
		};
		31C62D9A13F25A3600845A9B /* StageView */ = {
			isa = PBXGroup;
			children = (
				DDD9E33315953868007EF2F6 /* XTStagingDataSourceBase.h */,
				DDD9E33515953952007EF2F6 /* XTStagingDataSourceBase.m */,
				31C6669F13F3AEF3000E4073 /* XTStagedDataSource.h */,
				31C666A013F3AEF3000E4073 /* XTStagedDataSource.m */,
				31C62D9B13F25A5D00845A9B /* XTUnstagedDataSource.h */,
				31C62D9C13F25A5D00845A9B /* XTUnstagedDataSource.m */,
				31C62D9F13F2638600845A9B /* XTFileIndexInfo.h */,
				31C62DA013F2638600845A9B /* XTFileIndexInfo.m */,
				31C666A213F3B55A000E4073 /* XTStageViewController.h */,
				31C666A313F3B55A000E4073 /* XTStageViewController.m */,
				31C666A413F3B55A000E4073 /* XTStageViewController.xib */,
			);
			name = StageView;
			sourceTree = "<group>";
		};
		31C7C12A13EC730500A65FE9 /* Utils */ = {
			isa = PBXGroup;
			children = (
				31C7C12C13EC738200A65FE9 /* NSMutableDictionary+MultiObjectForKey.h */,
				31C7C12D13EC738200A65FE9 /* NSMutableDictionary+MultiObjectForKey.m */,
				C3BC055613D1133000C3CF1A /* XTRepository+Commands.h */,
				C3BC055713D1133000C3CF1A /* XTRepository+Commands.m */,
				C343F90F13F4908E009C928A /* XTHTML.h */,
				C343F91013F4908E009C928A /* XTHTML.m */,
				DD579ADB15D08978007E4AFE /* NSDate+Extensions.h */,
				DDC75B8215D08E8F0087F2D4 /* NSDate+Extensions.m */,
				DD9C1B8D160239DD0001FE9B /* XTRefToken.h */,
				DD9C1B8E160239DD0001FE9B /* XTRefToken.m */,
				DDE55DDD1613C6C000CCAC03 /* XTModDateTracker.h */,
				DDE55DDE1613C6C000CCAC03 /* XTModDateTracker.m */,
				89D47941170894A200C04D89 /* NSAttributedString+XTExtensions.h */,
				89D47942170894A200C04D89 /* NSAttributedString+XTExtensions.m */,
			);
			name = Utils;
			sourceTree = "<group>";
		};
		31C7C12F13ECC6C700A65FE9 /* HistoryView */ = {
			isa = PBXGroup;
			children = (
				31C7C13013ECC74C00A65FE9 /* XTHistoryViewController.h */,
				31C7C13113ECC74C00A65FE9 /* XTHistoryViewController.m */,
				31C7C13213ECC74C00A65FE9 /* XTHistoryViewController.xib */,
				DD07B07616A5D2A80012AC19 /* XTSideBarOutlineView.h */,
				DD07B07716A5D2A80012AC19 /* XTSideBarOutlineView.m */,
				DD07B08716B313A60012AC19 /* XTRefFormatter.h */,
				DD07B08816B313A60012AC19 /* XTRefFormatter.m */,
			);
			name = HistoryView;
			sourceTree = "<group>";
		};
		31F1E87713D3AC0E00F3B317 /* DataSources */ = {
			isa = PBXGroup;
			children = (
				31F1E88013D3DC6E00F3B317 /* items */,
				895DEEF4142CECB7001763FC /* XTSideBarTableCellView.h */,
				895DEEF5142CECB7001763FC /* XTSideBarTableCellView.m */,
				31F1E87813D3AC6D00F3B317 /* XTSideBarDataSource.h */,
				3174966713DF8A0C004C5546 /* XTSideBarDataSource.m */,
				3174966313DF896E004C5546 /* XTHistoryDataSource.h */,
				3174966413DF896E004C5546 /* XTHistoryDataSource.m */,
			);
			name = DataSources;
			path = ..;
			sourceTree = "<group>";
		};
		31F1E88013D3DC6E00F3B317 /* items */ = {
			isa = PBXGroup;
			children = (
				31F1E88113D3DCAC00F3B317 /* XTSideBarItem.h */,
				31F1E88213D3DCAC00F3B317 /* XTSideBarItem.m */,
				C3D6CF1913D4B18900D35D4D /* XTLocalBranchItem.h */,
				C3D6CF1A13D4B18900D35D4D /* XTLocalBranchItem.m */,
				DD3AC5B21611215C00238F58 /* XTRemoteBranchItem.h */,
				DD3AC5B31611215C00238F58 /* XTRemoteBranchItem.m */,
				DD07B08416B202E00012AC19 /* XTRemoteItem.h */,
				DD07B08516B202E00012AC19 /* XTRemoteItem.m */,
				C3D6CF1C13D4B74400D35D4D /* XTTagItem.h */,
				C3D6CF1D13D4B74400D35D4D /* XTTagItem.m */,
				C3D6CF1F13D4D5B200D35D4D /* XTRemotesItem.h */,
				C3D6CF2013D4D5B200D35D4D /* XTRemotesItem.m */,
				3174966C13DFF94C004C5546 /* XTHistoryItem.h */,
				3174966D13DFF94C004C5546 /* XTHistoryItem.m */,
			);
			name = items;
			sourceTree = "<group>";
		};
		899D0106142168830091DC6F /* images */ = {
			isa = PBXGroup;
			children = (
				895DEF0B142CF84D001763FC /* branch.png */,
				DDD00550158FF551001B055E /* branch@2x.png */,
				895DEF1E142D91F8001763FC /* historyTemplate.pdf */,
				895DEF211432438D001763FC /* stageTemplate.pdf */,
				899D010C14216D2C0091DC6F /* sidebarTemplate.png */,
				DDF9BB38162E29C3004588B6 /* tag.png */,
				DDF9BB39162E29C3004588B6 /* tag@2x.png */,
			);
			path = images;
			sourceTree = "<group>";
		};
		C3D6D30F13E8E63A00AF50B0 /* GitX */ = {
			isa = PBXGroup;
			children = (
				C3D6D32013E91EDC00AF50B0 /* PBGitRevisionCell.m */,
				C3D6D32113E91EDC00AF50B0 /* PBGitRevisionCell.h */,
				C3D6D31D13E8E7E700AF50B0 /* PBGitLane.mm */,
				C3D6D31E13E8E7E700AF50B0 /* PBGitLane.h */,
				C3D6D31B13E8E6FA00AF50B0 /* PBGitGraphLine.h */,
				C3D6D31713E8E6E400AF50B0 /* PBGraphCellInfo.m */,
				C3D6D31813E8E6E400AF50B0 /* PBGraphCellInfo.h */,
				C3D6D31413E8E6BC00AF50B0 /* PBGitGrapher.mm */,
				C3D6D31513E8E6BC00AF50B0 /* PBGitGrapher.h */,
				C3D6D31113E8E65700AF50B0 /* PBGitHistoryGrapher.m */,
				C3D6D31213E8E65700AF50B0 /* PBGitHistoryGrapher.h */,
			);
			name = GitX;
			sourceTree = "<group>";
		};
		C3FA46F113D0F8E200AC4F9B = {
			isa = PBXGroup;
			children = (
				C3FA470613D0F8E200AC4F9B /* Xit */,
				C3FA472413D0F8E300AC4F9B /* XitTests */,
				C3FA46FF13D0F8E200AC4F9B /* Frameworks */,
				C3FA46FD13D0F8E200AC4F9B /* Products */,
			);
			indentWidth = 4;
			sourceTree = "<group>";
		};
		C3FA46FD13D0F8E200AC4F9B /* Products */ = {
			isa = PBXGroup;
			children = (
				C3FA46FC13D0F8E200AC4F9B /* Xit.app */,
				C3FA472013D0F8E300AC4F9B /* XitTests.octest */,
			);
			name = Products;
			sourceTree = "<group>";
		};
		C3FA46FF13D0F8E200AC4F9B /* Frameworks */ = {
			isa = PBXGroup;
			children = (
				31A8939F13E9DA5B008BE0C2 /* WebKit.framework */,
				C3FA470013D0F8E200AC4F9B /* Cocoa.framework */,
				31355B0713EA139700C33AAB /* CoreFoundation.framework */,
				C3FA470213D0F8E200AC4F9B /* Other Frameworks */,
			);
			name = Frameworks;
			sourceTree = "<group>";
		};
		C3FA470213D0F8E200AC4F9B /* Other Frameworks */ = {
			isa = PBXGroup;
			children = (
				C3FA470313D0F8E200AC4F9B /* AppKit.framework */,
				C3FA470413D0F8E200AC4F9B /* CoreData.framework */,
				C3FA470513D0F8E200AC4F9B /* Foundation.framework */,
			);
			name = "Other Frameworks";
			sourceTree = "<group>";
		};
		C3FA470613D0F8E200AC4F9B /* Xit */ = {
			isa = PBXGroup;
			children = (
				31C7C12A13EC730500A65FE9 /* Utils */,
				31A8939813E9D1EA008BE0C2 /* Views */,
				C3D6D30F13E8E63A00AF50B0 /* GitX */,
				31F1E87713D3AC0E00F3B317 /* DataSources */,
				89A6EA2614478DA40089B212 /* XTAppDelegate.h */,
				89A6EA2714478DA40089B212 /* XTAppDelegate.m */,
				DD07B08316B2005B0012AC19 /* XTConstants.h */,
				C3FA471213D0F8E200AC4F9B /* XTDocument.h */,
				C3FA471313D0F8E200AC4F9B /* XTDocument.m */,
				C3FA471513D0F8E200AC4F9B /* XTDocument.xib */,
				89355421157C128F007AC9CE /* XTDocController.h */,
				89355422157C128F007AC9CE /* XTDocController.m */,
				C358652F14048A3F00060C53 /* XTRepository.h */,
				C358653014048A3F00060C53 /* XTRepository.m */,
				DDDA447015B0E97000DF407B /* XTRepository+Parsing.h */,
				DDDA447115B0EA4700DF407B /* XTRepository+Parsing.m */,
				89991CDB144E3FF400097A99 /* XTStatusView.h */,
				89991CDC144E3FF400097A99 /* XTStatusView.m */,
				89794F651452839500E38ACC /* XTStatusView.xib */,
				89794F891458CC9B00E38ACC /* XTOutputViewController.h */,
				89794F8A1458CC9B00E38ACC /* XTOutputViewController.m */,
				89794F8B1458CC9B00E38ACC /* XTOutputViewController.xib */,
				C3FA471813D0F8E300AC4F9B /* MainMenu.xib */,
				89039F551703A9FC000949A8 /* html */,
				899D0106142168830091DC6F /* images */,
				C3FA470713D0F8E200AC4F9B /* Supporting Files */,
			);
			path = Xit;
			sourceTree = "<group>";
		};
		C3FA470713D0F8E200AC4F9B /* Supporting Files */ = {
			isa = PBXGroup;
			children = (
				C3FA470813D0F8E200AC4F9B /* Xit-Info.plist */,
				C3FA470913D0F8E200AC4F9B /* InfoPlist.strings */,
				C3FA470C13D0F8E200AC4F9B /* Xit-Prefix.pch */,
				C3FA470D13D0F8E200AC4F9B /* main.m */,
				C3FA470F13D0F8E200AC4F9B /* Credits.rtf */,
				DD00725513E76DFB003B4120 /* Xit.icns */,
			);
			name = "Supporting Files";
			sourceTree = "<group>";
		};
		C3FA472413D0F8E300AC4F9B /* XitTests */ = {
			isa = PBXGroup;
			children = (
				DD592095156EEF40005FBB0F /* OCMock.framework */,
				C3FA472513D0F8E300AC4F9B /* Supporting Files */,
				C3FA472B13D0F8E300AC4F9B /* XTTest.h */,
				C3FA472D13D0F8E300AC4F9B /* XTTest.m */,
				311429B613EB600100A7DF05 /* XTCommitViewControllerTest.m */,
				3199BABC142079BB008AAA4F /* XTFileListDataSourceTest.m */,
				313014AE13EB65DB0017A2A1 /* XTHistoryDataSorceTests.m */,
				896B05CF15796D2A003B0C24 /* XTHistoryViewControllerTest.m */,
				89FE824715A716E800E2EA2A /* XTRepositoryTests.m */,
				313014A913EB653F0017A2A1 /* XTSideBarDataSorceTests.m */,
				31C62D9713F2580E00845A9B /* XTStageViewControllerTest.m */,
				DDB9319416EC12B100A6ABC6 /* XTRefTokenTest.m */,
			);
			path = XitTests;
			sourceTree = "<group>";
		};
		C3FA472513D0F8E300AC4F9B /* Supporting Files */ = {
			isa = PBXGroup;
			children = (
				C3FA472613D0F8E300AC4F9B /* XitTests-Info.plist */,
				C3FA472713D0F8E300AC4F9B /* InfoPlist.strings */,
				C3FA472A13D0F8E300AC4F9B /* XitTests-Prefix.pch */,
			);
			name = "Supporting Files";
			sourceTree = "<group>";
		};
/* End PBXGroup section */

/* Begin PBXNativeTarget section */
		C3FA46FB13D0F8E200AC4F9B /* Xit */ = {
			isa = PBXNativeTarget;
			buildConfigurationList = C3FA473113D0F8E300AC4F9B /* Build configuration list for PBXNativeTarget "Xit" */;
			buildPhases = (
				C3FA46F813D0F8E200AC4F9B /* Sources */,
				C3FA46F913D0F8E200AC4F9B /* Frameworks */,
				C3FA46FA13D0F8E200AC4F9B /* Resources */,
				317C19DE13EBD2500003E8E6 /* ShellScript */,
			);
			buildRules = (
			);
			dependencies = (
			);
			name = Xit;
			productName = Xit;
			productReference = C3FA46FC13D0F8E200AC4F9B /* Xit.app */;
			productType = "com.apple.product-type.application";
		};
		C3FA471F13D0F8E300AC4F9B /* XitTests */ = {
			isa = PBXNativeTarget;
			buildConfigurationList = C3FA473413D0F8E300AC4F9B /* Build configuration list for PBXNativeTarget "XitTests" */;
			buildPhases = (
				C3FA471B13D0F8E300AC4F9B /* Sources */,
				C3FA471C13D0F8E300AC4F9B /* Frameworks */,
				C3FA471D13D0F8E300AC4F9B /* Resources */,
				C3FA471E13D0F8E300AC4F9B /* ShellScript */,
				89BEB8BB157B586F00FED57B /* CopyFiles */,
			);
			buildRules = (
			);
			dependencies = (
				C3FA472313D0F8E300AC4F9B /* PBXTargetDependency */,
			);
			name = XitTests;
			productName = XitTests;
			productReference = C3FA472013D0F8E300AC4F9B /* XitTests.octest */;
			productType = "com.apple.product-type.bundle";
		};
/* End PBXNativeTarget section */

/* Begin PBXProject section */
		C3FA46F313D0F8E200AC4F9B /* Project object */ = {
			isa = PBXProject;
			attributes = {
				LastUpgradeCheck = 0460;
				ORGANIZATIONNAME = "";
			};
			buildConfigurationList = C3FA46F613D0F8E200AC4F9B /* Build configuration list for PBXProject "Xit" */;
			compatibilityVersion = "Xcode 3.2";
			developmentRegion = English;
			hasScannedForEncodings = 0;
			knownRegions = (
				en,
			);
			mainGroup = C3FA46F113D0F8E200AC4F9B;
			productRefGroup = C3FA46FD13D0F8E200AC4F9B /* Products */;
			projectDirPath = "";
			projectRoot = "";
			targets = (
				C3FA46FB13D0F8E200AC4F9B /* Xit */,
				C3FA471F13D0F8E300AC4F9B /* XitTests */,
			);
		};
/* End PBXProject section */

/* Begin PBXResourcesBuildPhase section */
		C3FA46FA13D0F8E200AC4F9B /* Resources */ = {
			isa = PBXResourcesBuildPhase;
			buildActionMask = 2147483647;
			files = (
				C3FA470B13D0F8E200AC4F9B /* InfoPlist.strings in Resources */,
				C3FA471113D0F8E200AC4F9B /* Credits.rtf in Resources */,
				C3FA471713D0F8E200AC4F9B /* XTDocument.xib in Resources */,
				C3FA471A13D0F8E300AC4F9B /* MainMenu.xib in Resources */,
				DD00725613E76DFB003B4120 /* Xit.icns in Resources */,
				31A8939E13E9D5B4008BE0C2 /* XTCommitViewController.xib in Resources */,
				31C7C13413ECC74C00A65FE9 /* XTHistoryViewController.xib in Resources */,
				31C666A613F3B55A000E4073 /* XTStageViewController.xib in Resources */,
				899D010D14216D2C0091DC6F /* sidebarTemplate.png in Resources */,
				31A8235814225F8B00408EDA /* XTFileViewController.xib in Resources */,
				895DEF0C142CF84D001763FC /* branch.png in Resources */,
				895DEF1F142D91F8001763FC /* historyTemplate.pdf in Resources */,
				895DEF221432438D001763FC /* stageTemplate.pdf in Resources */,
				89794F671452839500E38ACC /* XTStatusView.xib in Resources */,
				89794F8D1458CC9B00E38ACC /* XTOutputViewController.xib in Resources */,
				DDD00551158FF551001B055E /* branch@2x.png in Resources */,
				DDF9BB3A162E29C3004588B6 /* tag.png in Resources */,
				DDF9BB3B162E29C3004588B6 /* tag@2x.png in Resources */,
				89039F561703A9FC000949A8 /* html in Resources */,
			);
			runOnlyForDeploymentPostprocessing = 0;
		};
		C3FA471D13D0F8E300AC4F9B /* Resources */ = {
			isa = PBXResourcesBuildPhase;
			buildActionMask = 2147483647;
			files = (
				C3FA472913D0F8E300AC4F9B /* InfoPlist.strings in Resources */,
			);
			runOnlyForDeploymentPostprocessing = 0;
		};
/* End PBXResourcesBuildPhase section */

/* Begin PBXShellScriptBuildPhase section */
		317C19DE13EBD2500003E8E6 /* ShellScript */ = {
			isa = PBXShellScriptBuildPhase;
			buildActionMask = 2147483647;
			files = (
			);
			inputPaths = (
			);
			outputPaths = (
			);
			runOnlyForDeploymentPostprocessing = 0;
			shellPath = /bin/sh;
			shellScript = "KEYWORDS=\"TODO|FIXME|\\?\\?\\?:|\\!\\!\\!:\"\nfind ${SRCROOT} \\( -name \"*.h\" -or -name \"*.m\" \\) -print0 | \\\nxargs -0 egrep --with-filename --line-number --only-matching \"($KEYWORDS).*\\$\" | \\\nperl -p -e \"s/($KEYWORDS)/ warning: \\$1/\"";
		};
		C3FA471E13D0F8E300AC4F9B /* ShellScript */ = {
			isa = PBXShellScriptBuildPhase;
			buildActionMask = 2147483647;
			files = (
			);
			inputPaths = (
			);
			outputPaths = (
			);
			runOnlyForDeploymentPostprocessing = 0;
			shellPath = /bin/sh;
			shellScript = "# Run the unit tests in this test bundle.\n\"${SYSTEM_DEVELOPER_DIR}/Tools/RunUnitTests\"\n";
		};
/* End PBXShellScriptBuildPhase section */

/* Begin PBXSourcesBuildPhase section */
		C3FA46F813D0F8E200AC4F9B /* Sources */ = {
			isa = PBXSourcesBuildPhase;
			buildActionMask = 2147483647;
			files = (
				C3FA470E13D0F8E200AC4F9B /* main.m in Sources */,
				C3FA471413D0F8E200AC4F9B /* XTDocument.m in Sources */,
				31F1E87F13D3B51200F3B317 /* XTRepository+Commands.m in Sources */,
				31F1E88313D3DCAC00F3B317 /* XTSideBarItem.m in Sources */,
				C3D6CF1B13D4B18900D35D4D /* XTLocalBranchItem.m in Sources */,
				C3D6CF1E13D4B74400D35D4D /* XTTagItem.m in Sources */,
				C3D6CF2113D4D5B200D35D4D /* XTRemotesItem.m in Sources */,
				3174966513DF896E004C5546 /* XTHistoryDataSource.m in Sources */,
				3174966813DF8A0C004C5546 /* XTSideBarDataSource.m in Sources */,
				3174966E13DFF94C004C5546 /* XTHistoryItem.m in Sources */,
				C3D6D31313E8E65700AF50B0 /* PBGitHistoryGrapher.m in Sources */,
				C3D6D31613E8E6BC00AF50B0 /* PBGitGrapher.mm in Sources */,
				C3D6D31913E8E6E400AF50B0 /* PBGraphCellInfo.m in Sources */,
				C3D6D31F13E8E7E700AF50B0 /* PBGitLane.mm in Sources */,
				C3D6D32213E91EDC00AF50B0 /* PBGitRevisionCell.m in Sources */,
				31A8939D13E9D5B4008BE0C2 /* XTCommitViewController.m in Sources */,
				31C7C12E13EC738200A65FE9 /* NSMutableDictionary+MultiObjectForKey.m in Sources */,
				31C7C13313ECC74C00A65FE9 /* XTHistoryViewController.m in Sources */,
				31C62D9E13F25A6200845A9B /* XTUnstagedDataSource.m in Sources */,
				31C62DA113F2638600845A9B /* XTFileIndexInfo.m in Sources */,
				31C666A113F3AEF3000E4073 /* XTStagedDataSource.m in Sources */,
				31C666A513F3B55A000E4073 /* XTStageViewController.m in Sources */,
				C343F91113F4908E009C928A /* XTHTML.m in Sources */,
				C358653114048A3F00060C53 /* XTRepository.m in Sources */,
				3199BAC014207CFB008AAA4F /* XTFileListDataSource.m in Sources */,
				31A8235714225F8B00408EDA /* XTFileViewController.m in Sources */,
				3152B1E61423152700DCA679 /* XTFileListHistoryDataSource.m in Sources */,
				895DEEF6142CECB7001763FC /* XTSideBarTableCellView.m in Sources */,
				89A6EA2814478DA40089B212 /* XTAppDelegate.m in Sources */,
				89991CDD144E3FF400097A99 /* XTStatusView.m in Sources */,
				89794F8C1458CC9B00E38ACC /* XTOutputViewController.m in Sources */,
				89355423157C128F007AC9CE /* XTDocController.m in Sources */,
				DDD9E33615953952007EF2F6 /* XTStagingDataSourceBase.m in Sources */,
				DDDA447215B0EA4700DF407B /* XTRepository+Parsing.m in Sources */,
				DDC75B8315D08E8F0087F2D4 /* NSDate+Extensions.m in Sources */,
				DD9C1B8F160239DD0001FE9B /* XTRefToken.m in Sources */,
				DD3AC5B41611215C00238F58 /* XTRemoteBranchItem.m in Sources */,
				DDE55DDF1613C6C000CCAC03 /* XTModDateTracker.m in Sources */,
				DD07B07816A5D2A80012AC19 /* XTSideBarOutlineView.m in Sources */,
				DD07B08616B202E00012AC19 /* XTRemoteItem.m in Sources */,
				DD07B08916B313A60012AC19 /* XTRefFormatter.m in Sources */,
				89D47943170894A200C04D89 /* NSAttributedString+XTExtensions.m in Sources */,
			);
			runOnlyForDeploymentPostprocessing = 0;
		};
		C3FA471B13D0F8E300AC4F9B /* Sources */ = {
			isa = PBXSourcesBuildPhase;
			buildActionMask = 2147483647;
			files = (
				C3FA472E13D0F8E300AC4F9B /* XTTest.m in Sources */,
				311429B913EB60AA00A7DF05 /* XTCommitViewControllerTest.m in Sources */,
				313014AC13EB656B0017A2A1 /* XTSideBarDataSorceTests.m in Sources */,
				313014AF13EB65DB0017A2A1 /* XTHistoryDataSorceTests.m in Sources */,
				31C62D9813F2580E00845A9B /* XTStageViewControllerTest.m in Sources */,
				3199BABD142079BB008AAA4F /* XTFileListDataSourceTest.m in Sources */,
				896B05D015796D2A003B0C24 /* XTHistoryViewControllerTest.m in Sources */,
				89FE824815A716E800E2EA2A /* XTRepositoryTests.m in Sources */,
				DDB9319516EC12B100A6ABC6 /* XTRefTokenTest.m in Sources */,
			);
			runOnlyForDeploymentPostprocessing = 0;
		};
/* End PBXSourcesBuildPhase section */

/* Begin PBXTargetDependency section */
		C3FA472313D0F8E300AC4F9B /* PBXTargetDependency */ = {
			isa = PBXTargetDependency;
			target = C3FA46FB13D0F8E200AC4F9B /* Xit */;
			targetProxy = C3FA472213D0F8E300AC4F9B /* PBXContainerItemProxy */;
		};
/* End PBXTargetDependency section */

/* Begin PBXVariantGroup section */
		89794F651452839500E38ACC /* XTStatusView.xib */ = {
			isa = PBXVariantGroup;
			children = (
				89794F661452839500E38ACC /* en */,
			);
			name = XTStatusView.xib;
			sourceTree = "<group>";
		};
		C3FA470913D0F8E200AC4F9B /* InfoPlist.strings */ = {
			isa = PBXVariantGroup;
			children = (
				C3FA470A13D0F8E200AC4F9B /* en */,
			);
			name = InfoPlist.strings;
			sourceTree = "<group>";
		};
		C3FA470F13D0F8E200AC4F9B /* Credits.rtf */ = {
			isa = PBXVariantGroup;
			children = (
				C3FA471013D0F8E200AC4F9B /* en */,
			);
			name = Credits.rtf;
			sourceTree = "<group>";
		};
		C3FA471513D0F8E200AC4F9B /* XTDocument.xib */ = {
			isa = PBXVariantGroup;
			children = (
				C3FA471613D0F8E200AC4F9B /* en */,
			);
			name = XTDocument.xib;
			sourceTree = "<group>";
		};
		C3FA471813D0F8E300AC4F9B /* MainMenu.xib */ = {
			isa = PBXVariantGroup;
			children = (
				C3FA471913D0F8E300AC4F9B /* en */,
			);
			name = MainMenu.xib;
			sourceTree = "<group>";
		};
		C3FA472713D0F8E300AC4F9B /* InfoPlist.strings */ = {
			isa = PBXVariantGroup;
			children = (
				C3FA472813D0F8E300AC4F9B /* en */,
			);
			name = InfoPlist.strings;
			sourceTree = "<group>";
		};
/* End PBXVariantGroup section */

/* Begin XCBuildConfiguration section */
		C3D6CF2513D4DEE300D35D4D /* coverage */ = {
			isa = XCBuildConfiguration;
			buildSettings = {
				ARCHS = "$(ARCHS_STANDARD_64_BIT)";
				GCC_C_LANGUAGE_STANDARD = gnu99;
				GCC_GENERATE_TEST_COVERAGE_FILES = YES;
				GCC_INSTRUMENT_PROGRAM_FLOW_ARCS = YES;
				GCC_OPTIMIZATION_LEVEL = 0;
				GCC_PREFIX_HEADER = "";
				GCC_PREPROCESSOR_DEFINITIONS = DEBUG;
				GCC_SYMBOLS_PRIVATE_EXTERN = NO;
				GCC_WARN_64_TO_32_BIT_CONVERSION = YES;
				GCC_WARN_ABOUT_RETURN_TYPE = YES;
				GCC_WARN_UNUSED_VARIABLE = YES;
				MACOSX_DEPLOYMENT_TARGET = 10.7;
				ONLY_ACTIVE_ARCH = YES;
				OTHER_LDFLAGS = "-lgcov";
				SDKROOT = macosx;
			};
			name = coverage;
		};
		C3D6CF2613D4DEE300D35D4D /* coverage */ = {
			isa = XCBuildConfiguration;
			buildSettings = {
				ALWAYS_SEARCH_USER_PATHS = NO;
				CLANG_ENABLE_OBJC_ARC = YES;
				COMBINE_HIDPI_IMAGES = YES;
				COPY_PHASE_STRIP = NO;
				GCC_DYNAMIC_NO_PIC = NO;
				GCC_ENABLE_OBJC_EXCEPTIONS = YES;
				GCC_ENABLE_OBJC_GC = unsupported;
				GCC_PRECOMPILE_PREFIX_HEADER = YES;
				GCC_PREFIX_HEADER = "";
				INFOPLIST_FILE = "Xit/Xit-Info.plist";
				MACOSX_DEPLOYMENT_TARGET = 10.7;
				PRODUCT_NAME = "$(TARGET_NAME)";
				WRAPPER_EXTENSION = app;
			};
			name = coverage;
		};
		C3D6CF2713D4DEE300D35D4D /* coverage */ = {
			isa = XCBuildConfiguration;
			buildSettings = {
				ALWAYS_SEARCH_USER_PATHS = NO;
				BUNDLE_LOADER = "$(BUILT_PRODUCTS_DIR)/Xit.app/Contents/MacOS/Xit";
				CLANG_ENABLE_OBJC_ARC = YES;
				COMBINE_HIDPI_IMAGES = YES;
				COPY_PHASE_STRIP = NO;
				FRAMEWORK_SEARCH_PATHS = (
					"$(DEVELOPER_LIBRARY_DIR)/Frameworks",
					"\"$(SRCROOT)\"",
				);
				GCC_DYNAMIC_NO_PIC = NO;
				GCC_ENABLE_OBJC_EXCEPTIONS = YES;
				GCC_ENABLE_OBJC_GC = unsupported;
				GCC_PRECOMPILE_PREFIX_HEADER = YES;
				GCC_PREFIX_HEADER = "";
				GCC_VERSION = com.apple.compilers.llvm.clang.1_0;
				INFOPLIST_FILE = "XitTests/XitTests-Info.plist";
				OTHER_LDFLAGS = (
					"-framework",
					SenTestingKit,
				);
				PRODUCT_NAME = "$(TARGET_NAME)";
				SDKROOT = macosx;
				TEST_HOST = "$(BUNDLE_LOADER)";
				WRAPPER_EXTENSION = octest;
			};
			name = coverage;
		};
		C3FA472F13D0F8E300AC4F9B /* Debug */ = {
			isa = XCBuildConfiguration;
			buildSettings = {
				ARCHS = "$(ARCHS_STANDARD_64_BIT)";
				GCC_C_LANGUAGE_STANDARD = gnu99;
				GCC_GENERATE_TEST_COVERAGE_FILES = NO;
				GCC_INSTRUMENT_PROGRAM_FLOW_ARCS = NO;
				GCC_OPTIMIZATION_LEVEL = 0;
				GCC_PREPROCESSOR_DEFINITIONS = DEBUG;
				GCC_SYMBOLS_PRIVATE_EXTERN = NO;
				GCC_WARN_64_TO_32_BIT_CONVERSION = YES;
				GCC_WARN_ABOUT_RETURN_TYPE = YES;
				GCC_WARN_UNUSED_VARIABLE = YES;
				MACOSX_DEPLOYMENT_TARGET = 10.7;
				ONLY_ACTIVE_ARCH = YES;
				OTHER_LDFLAGS = "";
				SDKROOT = macosx;
			};
			name = Debug;
		};
		C3FA473013D0F8E300AC4F9B /* Release */ = {
			isa = XCBuildConfiguration;
			buildSettings = {
				ARCHS = "$(ARCHS_STANDARD_64_BIT)";
				GCC_C_LANGUAGE_STANDARD = gnu99;
				GCC_GENERATE_TEST_COVERAGE_FILES = NO;
				GCC_INSTRUMENT_PROGRAM_FLOW_ARCS = NO;
				GCC_WARN_64_TO_32_BIT_CONVERSION = YES;
				GCC_WARN_ABOUT_RETURN_TYPE = YES;
				GCC_WARN_UNUSED_VARIABLE = YES;
				MACOSX_DEPLOYMENT_TARGET = 10.7;
				OTHER_LDFLAGS = "";
				SDKROOT = macosx;
			};
			name = Release;
		};
		C3FA473213D0F8E300AC4F9B /* Debug */ = {
			isa = XCBuildConfiguration;
			buildSettings = {
				ALWAYS_SEARCH_USER_PATHS = NO;
				CLANG_ENABLE_OBJC_ARC = YES;
				COMBINE_HIDPI_IMAGES = YES;
				COPY_PHASE_STRIP = NO;
				GCC_DYNAMIC_NO_PIC = NO;
				GCC_ENABLE_OBJC_EXCEPTIONS = YES;
				GCC_ENABLE_OBJC_GC = unsupported;
				GCC_PRECOMPILE_PREFIX_HEADER = YES;
				GCC_PREFIX_HEADER = "Xit/Xit-Prefix.pch";
				INFOPLIST_FILE = "Xit/Xit-Info.plist";
				MACOSX_DEPLOYMENT_TARGET = 10.7;
				PRODUCT_NAME = "$(TARGET_NAME)";
				WRAPPER_EXTENSION = app;
			};
			name = Debug;
		};
		C3FA473313D0F8E300AC4F9B /* Release */ = {
			isa = XCBuildConfiguration;
			buildSettings = {
				ALWAYS_SEARCH_USER_PATHS = NO;
				CLANG_ENABLE_OBJC_ARC = YES;
				COMBINE_HIDPI_IMAGES = YES;
				COPY_PHASE_STRIP = YES;
				DEBUG_INFORMATION_FORMAT = "dwarf-with-dsym";
				GCC_ENABLE_OBJC_EXCEPTIONS = YES;
				GCC_ENABLE_OBJC_GC = unsupported;
				GCC_PRECOMPILE_PREFIX_HEADER = YES;
				GCC_PREFIX_HEADER = "Xit/Xit-Prefix.pch";
				INFOPLIST_FILE = "Xit/Xit-Info.plist";
				MACOSX_DEPLOYMENT_TARGET = 10.7;
				PRODUCT_NAME = "$(TARGET_NAME)";
				WRAPPER_EXTENSION = app;
			};
			name = Release;
		};
		C3FA473513D0F8E300AC4F9B /* Debug */ = {
			isa = XCBuildConfiguration;
			buildSettings = {
				ALWAYS_SEARCH_USER_PATHS = NO;
				BUNDLE_LOADER = "$(BUILT_PRODUCTS_DIR)/Xit.app/Contents/MacOS/Xit";
				CLANG_ENABLE_OBJC_ARC = YES;
				COMBINE_HIDPI_IMAGES = YES;
				COPY_PHASE_STRIP = NO;
				FRAMEWORK_SEARCH_PATHS = (
					"$(DEVELOPER_LIBRARY_DIR)/Frameworks",
					"\"$(SRCROOT)\"",
				);
				GCC_DYNAMIC_NO_PIC = NO;
				GCC_ENABLE_OBJC_EXCEPTIONS = YES;
				GCC_ENABLE_OBJC_GC = unsupported;
				GCC_PRECOMPILE_PREFIX_HEADER = YES;
				GCC_PREFIX_HEADER = "XitTests/XitTests-Prefix.pch";
				GCC_VERSION = com.apple.compilers.llvm.clang.1_0;
				INFOPLIST_FILE = "XitTests/XitTests-Info.plist";
				OTHER_LDFLAGS = (
					"-framework",
					SenTestingKit,
				);
				PRODUCT_NAME = "$(TARGET_NAME)";
				SDKROOT = macosx;
				TEST_HOST = "$(BUNDLE_LOADER)";
				WRAPPER_EXTENSION = octest;
			};
			name = Debug;
		};
		C3FA473613D0F8E300AC4F9B /* Release */ = {
			isa = XCBuildConfiguration;
			buildSettings = {
				ALWAYS_SEARCH_USER_PATHS = NO;
				BUNDLE_LOADER = "$(BUILT_PRODUCTS_DIR)/Xit.app/Contents/MacOS/Xit";
				CLANG_ENABLE_OBJC_ARC = YES;
				COMBINE_HIDPI_IMAGES = YES;
				COPY_PHASE_STRIP = YES;
				DEBUG_INFORMATION_FORMAT = "dwarf-with-dsym";
				FRAMEWORK_SEARCH_PATHS = (
					"$(DEVELOPER_LIBRARY_DIR)/Frameworks",
					"\"$(SRCROOT)\"",
				);
				GCC_ENABLE_OBJC_EXCEPTIONS = YES;
				GCC_ENABLE_OBJC_GC = unsupported;
				GCC_PRECOMPILE_PREFIX_HEADER = YES;
				GCC_PREFIX_HEADER = "XitTests/XitTests-Prefix.pch";
				GCC_VERSION = com.apple.compilers.llvm.clang.1_0;
				INFOPLIST_FILE = "XitTests/XitTests-Info.plist";
				OTHER_LDFLAGS = (
					"-framework",
					SenTestingKit,
				);
				PRODUCT_NAME = "$(TARGET_NAME)";
				SDKROOT = macosx;
				TEST_HOST = "$(BUNDLE_LOADER)";
				WRAPPER_EXTENSION = octest;
			};
			name = Release;
		};
/* End XCBuildConfiguration section */

/* Begin XCConfigurationList section */
		C3FA46F613D0F8E200AC4F9B /* Build configuration list for PBXProject "Xit" */ = {
			isa = XCConfigurationList;
			buildConfigurations = (
				C3FA472F13D0F8E300AC4F9B /* Debug */,
				C3D6CF2513D4DEE300D35D4D /* coverage */,
				C3FA473013D0F8E300AC4F9B /* Release */,
			);
			defaultConfigurationIsVisible = 0;
			defaultConfigurationName = Release;
		};
		C3FA473113D0F8E300AC4F9B /* Build configuration list for PBXNativeTarget "Xit" */ = {
			isa = XCConfigurationList;
			buildConfigurations = (
				C3FA473213D0F8E300AC4F9B /* Debug */,
				C3D6CF2613D4DEE300D35D4D /* coverage */,
				C3FA473313D0F8E300AC4F9B /* Release */,
			);
			defaultConfigurationIsVisible = 0;
			defaultConfigurationName = Release;
		};
		C3FA473413D0F8E300AC4F9B /* Build configuration list for PBXNativeTarget "XitTests" */ = {
			isa = XCConfigurationList;
			buildConfigurations = (
				C3FA473513D0F8E300AC4F9B /* Debug */,
				C3D6CF2713D4DEE300D35D4D /* coverage */,
				C3FA473613D0F8E300AC4F9B /* Release */,
			);
			defaultConfigurationIsVisible = 0;
			defaultConfigurationName = Release;
		};
/* End XCConfigurationList section */
	};
	rootObject = C3FA46F313D0F8E200AC4F9B /* Project object */;
}
